// !$*UTF8*$!
{
	archiveVersion = 1;
	classes = {
	};
	objectVersion = 46;
	objects = {

/* Begin PBXBuildFile section */
		9AFF48682058205500131955 /* HelperInstaller.m in Sources */ = {isa = PBXBuildFile; fileRef = 9AFF48652058205500131955 /* HelperInstaller.m */; };
		9AFF48692058205500131955 /* HelperProxy.m in Sources */ = {isa = PBXBuildFile; fileRef = 9AFF48672058205500131955 /* HelperProxy.m */; };
		9AFF48762058209500131955 /* common.pm in Resources */ = {isa = PBXBuildFile; fileRef = 9AFF486C2058209500131955 /* common.pm */; };
		9AFF48772058209500131955 /* evalCode.pl in Resources */ = {isa = PBXBuildFile; fileRef = 9AFF486D2058209500131955 /* evalCode.pl */; };
		9AFF48782058209500131955 /* injectSource.pl in Resources */ = {isa = PBXBuildFile; fileRef = 9AFF486E2058209500131955 /* injectSource.pl */; };
		9AFF48792058209500131955 /* injectStoryboard.pl in Resources */ = {isa = PBXBuildFile; fileRef = 9AFF486F2058209500131955 /* injectStoryboard.pl */; };
		9AFF487A2058209500131955 /* InjectUnitTests.pm in Resources */ = {isa = PBXBuildFile; fileRef = 9AFF48702058209500131955 /* InjectUnitTests.pm */; };
		9AFF487B2058209500131955 /* listDevice.pl in Resources */ = {isa = PBXBuildFile; fileRef = 9AFF48712058209500131955 /* listDevice.pl */; };
		9AFF487C2058209500131955 /* openBundle.pl in Resources */ = {isa = PBXBuildFile; fileRef = 9AFF48722058209500131955 /* openBundle.pl */; };
		9AFF487D2058209500131955 /* patchProject.pl in Resources */ = {isa = PBXBuildFile; fileRef = 9AFF48732058209500131955 /* patchProject.pl */; };
		9AFF487E2058209500131955 /* projectBuilt.pl in Resources */ = {isa = PBXBuildFile; fileRef = 9AFF48742058209500131955 /* projectBuilt.pl */; };
		9AFF487F2058209500131955 /* revertProject.pl in Resources */ = {isa = PBXBuildFile; fileRef = 9AFF48752058209500131955 /* revertProject.pl */; };
		9AFF48822058217500131955 /* canviz-0.1 in Resources */ = {isa = PBXBuildFile; fileRef = 9AFF48802058217400131955 /* canviz-0.1 */; };
		9AFF48832058217500131955 /* canviz.html in Resources */ = {isa = PBXBuildFile; fileRef = 9AFF48812058217500131955 /* canviz.html */; };
		9AFF4887205821B500131955 /* canviz2.html in Resources */ = {isa = PBXBuildFile; fileRef = 9AFF4884205821B500131955 /* canviz2.html */; };
		9AFF4888205821B500131955 /* Intro.html in Resources */ = {isa = PBXBuildFile; fileRef = 9AFF4885205821B500131955 /* Intro.html */; };
		9AFF4889205821B500131955 /* Source.html in Resources */ = {isa = PBXBuildFile; fileRef = 9AFF4886205821B500131955 /* Source.html */; };
		9AFF489C2058222A00131955 /* ByteRegex.swift in Sources */ = {isa = PBXBuildFile; fileRef = 9AFF488A2058222A00131955 /* ByteRegex.swift */; };
		9AFF489D2058222A00131955 /* Entity.swift in Sources */ = {isa = PBXBuildFile; fileRef = 9AFF488B2058222A00131955 /* Entity.swift */; };
		9AFF489E2058222A00131955 /* IndexDB.swift in Sources */ = {isa = PBXBuildFile; fileRef = 9AFF488C2058222A00131955 /* IndexDB.swift */; };
		9AFF489F2058222A00131955 /* IndexStrings.swift in Sources */ = {isa = PBXBuildFile; fileRef = 9AFF488D2058222A00131955 /* IndexStrings.swift */; };
		9AFF48A02058222A00131955 /* LineGenerators.swift in Sources */ = {isa = PBXBuildFile; fileRef = 9AFF488E2058222A00131955 /* LineGenerators.swift */; };
		9AFF48A12058222A00131955 /* LogParser.swift in Sources */ = {isa = PBXBuildFile; fileRef = 9AFF488F2058222A00131955 /* LogParser.swift */; };
		9AFF48A22058222A00131955 /* SourceKit.swift in Sources */ = {isa = PBXBuildFile; fileRef = 9AFF48902058222A00131955 /* SourceKit.swift */; };
		9AFF48A32058222A00131955 /* AppController.swift in Sources */ = {isa = PBXBuildFile; fileRef = 9AFF48922058222A00131955 /* AppController.swift */; };
		9AFF48A42058222A00131955 /* AppDelegate.swift in Sources */ = {isa = PBXBuildFile; fileRef = 9AFF48932058222A00131955 /* AppDelegate.swift */; };
		9AFF48A52058222A00131955 /* Common.swift in Sources */ = {isa = PBXBuildFile; fileRef = 9AFF48942058222A00131955 /* Common.swift */; };
		9AFF48A62058222A00131955 /* coverage.rb in Resources */ = {isa = PBXBuildFile; fileRef = 9AFF48952058222A00131955 /* coverage.rb */; };
		9AFF48A72058222A00131955 /* Coverage.swift in Sources */ = {isa = PBXBuildFile; fileRef = 9AFF48962058222A00131955 /* Coverage.swift */; };
		9AFF48A82058222A00131955 /* Formatter.swift in Sources */ = {isa = PBXBuildFile; fileRef = 9AFF48972058222A00131955 /* Formatter.swift */; };
		9AFF48A92058222A00131955 /* Project.swift in Sources */ = {isa = PBXBuildFile; fileRef = 9AFF48982058222A00131955 /* Project.swift */; };
		9AFF48AA2058222A00131955 /* Utils.m in Sources */ = {isa = PBXBuildFile; fileRef = 9AFF489A2058222A00131955 /* Utils.m */; };
		9AFF48B5205822CB00131955 /* FileWatcher.m in Sources */ = {isa = PBXBuildFile; fileRef = 9AFF48AE205822CB00131955 /* FileWatcher.m */; };
		9AFF48B6205822CB00131955 /* INPluginClientController.m in Sources */ = {isa = PBXBuildFile; fileRef = 9AFF48B0205822CB00131955 /* INPluginClientController.m */; };
		9AFF48B7205822CB00131955 /* INPluginMenuController.m in Sources */ = {isa = PBXBuildFile; fileRef = 9AFF48B2205822CB00131955 /* INPluginMenuController.m */; };
		9AFF48B8205822CB00131955 /* INPluginMenuController.xib in Resources */ = {isa = PBXBuildFile; fileRef = 9AFF48B3205822CB00131955 /* INPluginMenuController.xib */; };
		9AFF48C72058230F00131955 /* CodeMirror in Resources */ = {isa = PBXBuildFile; fileRef = 9AFF48B92058230F00131955 /* CodeMirror */; };
		9AFF48C82058230F00131955 /* tiny_red.gif in Resources */ = {isa = PBXBuildFile; fileRef = 9AFF48BA2058230F00131955 /* tiny_red.gif */; };
		9AFF48C92058230F00131955 /* xprobe.html in Resources */ = {isa = PBXBuildFile; fileRef = 9AFF48BC2058230F00131955 /* xprobe.html */; };
		9AFF48CA2058230F00131955 /* Xprobe.mm in Sources */ = {isa = PBXBuildFile; fileRef = 9AFF48BD2058230F00131955 /* Xprobe.mm */; };
		9AFF48CB2058230F00131955 /* Xprobe+Service.mm in Sources */ = {isa = PBXBuildFile; fileRef = 9AFF48BE2058230F00131955 /* Xprobe+Service.mm */; };
		9AFF48CC2058230F00131955 /* XprobeConsole.m in Sources */ = {isa = PBXBuildFile; fileRef = 9AFF48C02058230F00131955 /* XprobeConsole.m */; };
		9AFF48CD2058230F00131955 /* XprobeConsole.xib in Resources */ = {isa = PBXBuildFile; fileRef = 9AFF48C12058230F00131955 /* XprobeConsole.xib */; };
		9AFF48CE2058230F00131955 /* XprobePluginMenuController.m in Sources */ = {isa = PBXBuildFile; fileRef = 9AFF48C32058230F00131955 /* XprobePluginMenuController.m */; };
		9AFF48CF2058230F00131955 /* XprobePluginMenuController.xib in Resources */ = {isa = PBXBuildFile; fileRef = 9AFF48C42058230F00131955 /* XprobePluginMenuController.xib */; };
		9AFF48D02058230F00131955 /* Xtrace.mm in Sources */ = {isa = PBXBuildFile; fileRef = 9AFF48C62058230F00131955 /* Xtrace.mm */; };
		9AFF48DF2058235700131955 /* RMDeviceController.m in Sources */ = {isa = PBXBuildFile; fileRef = 9AFF48D42058235700131955 /* RMDeviceController.m */; };
		9AFF48E02058235700131955 /* RMImageView.m in Sources */ = {isa = PBXBuildFile; fileRef = 9AFF48D62058235700131955 /* RMImageView.m */; };
		9AFF48E12058235700131955 /* RMMacroManager.m in Sources */ = {isa = PBXBuildFile; fileRef = 9AFF48D82058235700131955 /* RMMacroManager.m */; };
		9AFF48E22058235700131955 /* RMPluginController.m in Sources */ = {isa = PBXBuildFile; fileRef = 9AFF48DA2058235700131955 /* RMPluginController.m */; };
		9AFF48E32058235700131955 /* RMPluginController.xib in Resources */ = {isa = PBXBuildFile; fileRef = 9AFF48DB2058235700131955 /* RMPluginController.xib */; };
		9AFF48E42058235700131955 /* RMWindowController.m in Sources */ = {isa = PBXBuildFile; fileRef = 9AFF48DD2058235700131955 /* RMWindowController.m */; };
		9AFF48E52058235700131955 /* RMWindowController.xib in Resources */ = {isa = PBXBuildFile; fileRef = 9AFF48DE2058235700131955 /* RMWindowController.xib */; };
		9AFF48EA2058238300131955 /* iphone.png in Resources */ = {isa = PBXBuildFile; fileRef = 9AFF48E62058238300131955 /* iphone.png */; };
		9AFF48EB2058238300131955 /* log.html in Resources */ = {isa = PBXBuildFile; fileRef = 9AFF48E72058238300131955 /* log.html */; };
		9AFF48EC2058238300131955 /* patch.py in Resources */ = {isa = PBXBuildFile; fileRef = 9AFF48E82058238300131955 /* patch.py */; };
		9AFF48ED2058238300131955 /* unpatch.py in Resources */ = {isa = PBXBuildFile; fileRef = 9AFF48E92058238300131955 /* unpatch.py */; };
		9AFF48F0205823A200131955 /* mach_inject_bundle_stub.c in Sources */ = {isa = PBXBuildFile; fileRef = 9AFF48EE205823A200131955 /* mach_inject_bundle_stub.c */; };
		9AFF48FE205823E900131955 /* Helper.m in Sources */ = {isa = PBXBuildFile; fileRef = 9AFF48FA205823E900131955 /* Helper.m */; };
		9AFF48FF205823E900131955 /* mach_inject.c in Sources */ = {isa = PBXBuildFile; fileRef = 9AFF48FB205823E900131955 /* mach_inject.c */; };
		9AFF4900205823E900131955 /* main.m in Sources */ = {isa = PBXBuildFile; fileRef = 9AFF48FD205823E900131955 /* main.m */; };
		BB010BE61E1F3D5A00C3AACA /* RMController.swift in Sources */ = {isa = PBXBuildFile; fileRef = BB010BE51E1F3D5A00C3AACA /* RMController.swift */; };
		BB010C0F1E1F85FF00C3AACA /* QTKit.framework in Frameworks */ = {isa = PBXBuildFile; fileRef = BB010C0E1E1F85FF00C3AACA /* QTKit.framework */; };
		BB20D57A1E1F98640013C59F /* README.md in Resources */ = {isa = PBXBuildFile; fileRef = BB7D5F0D1E15B94200393CA1 /* README.md */; };
		BB248A941E210FCC003F0DF6 /* Benchmark.swift in Sources */ = {isa = PBXBuildFile; fileRef = BB248A921E210E2F003F0DF6 /* Benchmark.swift */; };
		BB25263E1F65CC9700898347 /* LICENSE in Resources */ = {isa = PBXBuildFile; fileRef = BB25263D1F65CC9700898347 /* LICENSE */; };
		BB356A531E0AF2780056B10F /* Assets.xcassets in Resources */ = {isa = PBXBuildFile; fileRef = BB356A521E0AF2780056B10F /* Assets.xcassets */; };
		BB356A7B1E0AF36F0056B10F /* MainMenu.xib in Resources */ = {isa = PBXBuildFile; fileRef = BB356A791E0AF36E0056B10F /* MainMenu.xib */; };
		BB356A8B1E0AF40B0056B10F /* libsqlite3.tbd in Frameworks */ = {isa = PBXBuildFile; fileRef = BB356A8A1E0AF40B0056B10F /* libsqlite3.tbd */; };
		BB356A8E1E0AF4890056B10F /* App.icns in Resources */ = {isa = PBXBuildFile; fileRef = BB356A8D1E0AF4890056B10F /* App.icns */; };
		BB356A901E0AF4AC0056B10F /* WebKit.framework in Frameworks */ = {isa = PBXBuildFile; fileRef = BB356A8F1E0AF4AC0056B10F /* WebKit.framework */; };
		BB356ABB1E0AF8130056B10F /* libz.tbd in Frameworks */ = {isa = PBXBuildFile; fileRef = BB356ABA1E0AF8130056B10F /* libz.tbd */; };
		BB356ABD1E0B03220056B10F /* injection.png in Resources */ = {isa = PBXBuildFile; fileRef = BB356ABC1E0B03220056B10F /* injection.png */; };
		BB356B051E0B0BC40056B10F /* Bootstrap.bundle in Resources */ = {isa = PBXBuildFile; fileRef = BB356AFC1E0B0B8A0056B10F /* Bootstrap.bundle */; };
		BB356B131E0B0E680056B10F /* InjectionOK.tif in Resources */ = {isa = PBXBuildFile; fileRef = BB356B121E0B0E680056B10F /* InjectionOK.tif */; };
		BB356B7C1E0B4A9A0056B10F /* Credits.rtf in Resources */ = {isa = PBXBuildFile; fileRef = BB356B7B1E0B4A9A0056B10F /* Credits.rtf */; };
		BB356B7E1E0B542F0056B10F /* com.johnholdsworth.Injectorator.Helper in CopyFiles */ = {isa = PBXBuildFile; fileRef = BB356AD61E0B09000056B10F /* com.johnholdsworth.Injectorator.Helper */; settings = {ATTRIBUTES = (CodeSignOnCopy, ); }; };
		BB356B851E0B5A500056B10F /* InjectionIdle.tif in Resources */ = {isa = PBXBuildFile; fileRef = BB356B841E0B5A500056B10F /* InjectionIdle.tif */; };
		BB356B871E0B5D450056B10F /* INController.swift in Sources */ = {isa = PBXBuildFile; fileRef = BB356B861E0B5D450056B10F /* INController.swift */; };
		BB356B8C1E0B72890056B10F /* iOSBundleTemplate in Resources */ = {isa = PBXBuildFile; fileRef = BB356B8A1E0B72890056B10F /* iOSBundleTemplate */; };
		BB356B8D1E0B72890056B10F /* OSXBundleTemplate in Resources */ = {isa = PBXBuildFile; fileRef = BB356B8B1E0B72890056B10F /* OSXBundleTemplate */; };
		BB356BD41E0C4C0F0056B10F /* main.m in Sources */ = {isa = PBXBuildFile; fileRef = BB356BD31E0C4C0F0056B10F /* main.m */; };
		BB356BDA1E0C4C2A0056B10F /* injectSource in Resources */ = {isa = PBXBuildFile; fileRef = BB356BD11E0C4C0E0056B10F /* injectSource */; };
		BB356BE31E0C761E0056B10F /* Integration.swift in Sources */ = {isa = PBXBuildFile; fileRef = BB356BDF1E0C758F0056B10F /* Integration.swift */; };
		BB356C041E0D9FC20056B10F /* Integration.xib in Resources */ = {isa = PBXBuildFile; fileRef = BB356C001E0D9B410056B10F /* Integration.xib */; };
		BB4847C01E380E1000622FA4 /* DDHotKeyCenter.m in Sources */ = {isa = PBXBuildFile; fileRef = BB4847BD1E380E1000622FA4 /* DDHotKeyCenter.m */; };
		BB4847C11E380E1000622FA4 /* DDHotKeyUtilities.m in Sources */ = {isa = PBXBuildFile; fileRef = BB4847BF1E380E1000622FA4 /* DDHotKeyUtilities.m */; };
		BB4847C81E38155D00622FA4 /* DDHotKeyCenter.h in Resources */ = {isa = PBXBuildFile; fileRef = BB4847BC1E380E1000622FA4 /* DDHotKeyCenter.h */; };
		BB5A60A31E221EA600B6C1D9 /* closed_folder_orange.png in Resources */ = {isa = PBXBuildFile; fileRef = BB5A609E1E221EA600B6C1D9 /* closed_folder_orange.png */; };
		BB5A60A41E221EA600B6C1D9 /* open_folder_orange.png in Resources */ = {isa = PBXBuildFile; fileRef = BB5A609F1E221EA600B6C1D9 /* open_folder_orange.png */; };
		BB5A60A51E221EA600B6C1D9 /* document.png in Resources */ = {isa = PBXBuildFile; fileRef = BB5A60A01E221EA600B6C1D9 /* document.png */; };
		BB5A60A61E221EA600B6C1D9 /* scan2.png in Resources */ = {isa = PBXBuildFile; fileRef = BB5A60A11E221EA600B6C1D9 /* scan2.png */; };
		BB5A60A71E221EA600B6C1D9 /* scan.png in Resources */ = {isa = PBXBuildFile; fileRef = BB5A60A21E221EA600B6C1D9 /* scan.png */; };
		BB5A60B31E221F5C00B6C1D9 /* DiskTree.html in Resources */ = {isa = PBXBuildFile; fileRef = BB5A60B11E221F5C00B6C1D9 /* DiskTree.html */; };
		BB5A60B41E221F5C00B6C1D9 /* DiskTree.xib in Resources */ = {isa = PBXBuildFile; fileRef = BB5A60B21E221F5C00B6C1D9 /* DiskTree.xib */; };
		BB5A60C81E22220B00B6C1D9 /* tree.c in Sources */ = {isa = PBXBuildFile; fileRef = BB5A60C61E2221EC00B6C1D9 /* tree.c */; };
		BB63C9DB1F7862A30048D83B /* docs in Resources */ = {isa = PBXBuildFile; fileRef = BB63C9D81F7862A30048D83B /* docs */; };
/* End PBXBuildFile section */

/* Begin PBXContainerItemProxy section */
		BB356AEA1E0B09F60056B10F /* PBXContainerItemProxy */ = {
			isa = PBXContainerItemProxy;
			containerPortal = BB356A451E0AF2780056B10F /* Project object */;
			proxyType = 1;
			remoteGlobalIDString = BB356AD51E0B09000056B10F;
			remoteInfo = com.johnholdsworth.Injectorator.Helper;
		};
		BB356B061E0B0BCE0056B10F /* PBXContainerItemProxy */ = {
			isa = PBXContainerItemProxy;
			containerPortal = BB356A451E0AF2780056B10F /* Project object */;
			proxyType = 1;
			remoteGlobalIDString = BB356AFB1E0B0B8A0056B10F;
			remoteInfo = InjectionBootstrap;
		};
		BB356B601E0B184D0056B10F /* PBXContainerItemProxy */ = {
			isa = PBXContainerItemProxy;
			containerPortal = BB356B5C1E0B184C0056B10F /* InjectionLoader.xcodeproj */;
			proxyType = 2;
			remoteGlobalIDString = BB356B531E0B184C0056B10F;
			remoteInfo = InjectionLoader;
		};
		BB356BB21E0B8E940056B10F /* PBXContainerItemProxy */ = {
			isa = PBXContainerItemProxy;
			containerPortal = BB356BAE1E0B8E930056B10F /* XprobeSwift.xcodeproj */;
			proxyType = 2;
			remoteGlobalIDString = BB356BA51E0B8E930056B10F;
			remoteInfo = XprobeSwift;
		};
		BB356BD81E0C4C1B0056B10F /* PBXContainerItemProxy */ = {
			isa = PBXContainerItemProxy;
			containerPortal = BB356A451E0AF2780056B10F /* Project object */;
			proxyType = 1;
			remoteGlobalIDString = BB356BD01E0C4C0E0056B10F;
			remoteInfo = injectSource;
		};
/* End PBXContainerItemProxy section */

/* Begin PBXCopyFilesBuildPhase section */
		BB356AD41E0B09000056B10F /* CopyFiles */ = {
			isa = PBXCopyFilesBuildPhase;
			buildActionMask = 2147483647;
			dstPath = /usr/share/man/man1/;
			dstSubfolderSpec = 0;
			files = (
			);
			runOnlyForDeploymentPostprocessing = 1;
		};
		BB356B7D1E0B54240056B10F /* CopyFiles */ = {
			isa = PBXCopyFilesBuildPhase;
			buildActionMask = 2147483647;
			dstPath = Contents/Library/LaunchServices;
			dstSubfolderSpec = 1;
			files = (
				BB356B7E1E0B542F0056B10F /* com.johnholdsworth.Injectorator.Helper in CopyFiles */,
			);
			runOnlyForDeploymentPostprocessing = 0;
		};
		BB356BCF1E0C4C0E0056B10F /* CopyFiles */ = {
			isa = PBXCopyFilesBuildPhase;
			buildActionMask = 2147483647;
			dstPath = /usr/share/man/man1/;
			dstSubfolderSpec = 0;
			files = (
			);
			runOnlyForDeploymentPostprocessing = 1;
		};
		BB5A60B71E22211900B6C1D9 /* CopyFiles */ = {
			isa = PBXCopyFilesBuildPhase;
			buildActionMask = 2147483647;
			dstPath = /usr/share/man/man1/;
			dstSubfolderSpec = 0;
			files = (
			);
			runOnlyForDeploymentPostprocessing = 1;
		};
/* End PBXCopyFilesBuildPhase section */

/* Begin PBXFileReference section */
		9AFF48642058205500131955 /* HelperInstaller.h */ = {isa = PBXFileReference; fileEncoding = 4; lastKnownFileType = sourcecode.c.h; path = HelperInstaller.h; sourceTree = "<group>"; };
		9AFF48652058205500131955 /* HelperInstaller.m */ = {isa = PBXFileReference; fileEncoding = 4; lastKnownFileType = sourcecode.c.objc; path = HelperInstaller.m; sourceTree = "<group>"; };
		9AFF48662058205500131955 /* HelperProxy.h */ = {isa = PBXFileReference; fileEncoding = 4; lastKnownFileType = sourcecode.c.h; path = HelperProxy.h; sourceTree = "<group>"; };
		9AFF48672058205500131955 /* HelperProxy.m */ = {isa = PBXFileReference; fileEncoding = 4; lastKnownFileType = sourcecode.c.objc; path = HelperProxy.m; sourceTree = "<group>"; };
		9AFF486C2058209500131955 /* common.pm */ = {isa = PBXFileReference; fileEncoding = 4; lastKnownFileType = text.script.perl; path = common.pm; sourceTree = "<group>"; };
		9AFF486D2058209500131955 /* evalCode.pl */ = {isa = PBXFileReference; fileEncoding = 4; lastKnownFileType = text.script.perl; path = evalCode.pl; sourceTree = "<group>"; };
		9AFF486E2058209500131955 /* injectSource.pl */ = {isa = PBXFileReference; fileEncoding = 4; lastKnownFileType = text.script.perl; path = injectSource.pl; sourceTree = "<group>"; };
		9AFF486F2058209500131955 /* injectStoryboard.pl */ = {isa = PBXFileReference; fileEncoding = 4; lastKnownFileType = text.script.perl; path = injectStoryboard.pl; sourceTree = "<group>"; };
		9AFF48702058209500131955 /* InjectUnitTests.pm */ = {isa = PBXFileReference; fileEncoding = 4; lastKnownFileType = text.script.perl; path = InjectUnitTests.pm; sourceTree = "<group>"; };
		9AFF48712058209500131955 /* listDevice.pl */ = {isa = PBXFileReference; fileEncoding = 4; lastKnownFileType = text.script.perl; path = listDevice.pl; sourceTree = "<group>"; };
		9AFF48722058209500131955 /* openBundle.pl */ = {isa = PBXFileReference; fileEncoding = 4; lastKnownFileType = text.script.perl; path = openBundle.pl; sourceTree = "<group>"; };
		9AFF48732058209500131955 /* patchProject.pl */ = {isa = PBXFileReference; fileEncoding = 4; lastKnownFileType = text.script.perl; path = patchProject.pl; sourceTree = "<group>"; };
		9AFF48742058209500131955 /* projectBuilt.pl */ = {isa = PBXFileReference; fileEncoding = 4; lastKnownFileType = text.script.perl; path = projectBuilt.pl; sourceTree = "<group>"; };
		9AFF48752058209500131955 /* revertProject.pl */ = {isa = PBXFileReference; fileEncoding = 4; lastKnownFileType = text.script.perl; path = revertProject.pl; sourceTree = "<group>"; };
		9AFF48802058217400131955 /* canviz-0.1 */ = {isa = PBXFileReference; lastKnownFileType = folder; path = "canviz-0.1"; sourceTree = "<group>"; };
		9AFF48812058217500131955 /* canviz.html */ = {isa = PBXFileReference; fileEncoding = 4; lastKnownFileType = text.html; path = canviz.html; sourceTree = "<group>"; };
		9AFF4884205821B500131955 /* canviz2.html */ = {isa = PBXFileReference; fileEncoding = 4; lastKnownFileType = text.html; path = canviz2.html; sourceTree = "<group>"; };
		9AFF4885205821B500131955 /* Intro.html */ = {isa = PBXFileReference; fileEncoding = 4; lastKnownFileType = text.html; path = Intro.html; sourceTree = "<group>"; };
		9AFF4886205821B500131955 /* Source.html */ = {isa = PBXFileReference; fileEncoding = 4; lastKnownFileType = text.html; path = Source.html; sourceTree = "<group>"; };
		9AFF488A2058222A00131955 /* ByteRegex.swift */ = {isa = PBXFileReference; fileEncoding = 4; lastKnownFileType = sourcecode.swift; path = ByteRegex.swift; sourceTree = "<group>"; };
		9AFF488B2058222A00131955 /* Entity.swift */ = {isa = PBXFileReference; fileEncoding = 4; lastKnownFileType = sourcecode.swift; path = Entity.swift; sourceTree = "<group>"; };
		9AFF488C2058222A00131955 /* IndexDB.swift */ = {isa = PBXFileReference; fileEncoding = 4; lastKnownFileType = sourcecode.swift; path = IndexDB.swift; sourceTree = "<group>"; };
		9AFF488D2058222A00131955 /* IndexStrings.swift */ = {isa = PBXFileReference; fileEncoding = 4; lastKnownFileType = sourcecode.swift; path = IndexStrings.swift; sourceTree = "<group>"; };
		9AFF488E2058222A00131955 /* LineGenerators.swift */ = {isa = PBXFileReference; fileEncoding = 4; lastKnownFileType = sourcecode.swift; path = LineGenerators.swift; sourceTree = "<group>"; };
		9AFF488F2058222A00131955 /* LogParser.swift */ = {isa = PBXFileReference; fileEncoding = 4; lastKnownFileType = sourcecode.swift; path = LogParser.swift; sourceTree = "<group>"; };
		9AFF48902058222A00131955 /* SourceKit.swift */ = {isa = PBXFileReference; fileEncoding = 4; lastKnownFileType = sourcecode.swift; path = SourceKit.swift; sourceTree = "<group>"; };
		9AFF48912058222A00131955 /* sourcekitd.h */ = {isa = PBXFileReference; fileEncoding = 4; lastKnownFileType = sourcecode.c.h; path = sourcekitd.h; sourceTree = "<group>"; };
		9AFF48922058222A00131955 /* AppController.swift */ = {isa = PBXFileReference; fileEncoding = 4; lastKnownFileType = sourcecode.swift; path = AppController.swift; sourceTree = "<group>"; };
		9AFF48932058222A00131955 /* AppDelegate.swift */ = {isa = PBXFileReference; fileEncoding = 4; lastKnownFileType = sourcecode.swift; path = AppDelegate.swift; sourceTree = "<group>"; };
		9AFF48942058222A00131955 /* Common.swift */ = {isa = PBXFileReference; fileEncoding = 4; lastKnownFileType = sourcecode.swift; path = Common.swift; sourceTree = "<group>"; };
		9AFF48952058222A00131955 /* coverage.rb */ = {isa = PBXFileReference; fileEncoding = 4; lastKnownFileType = text.script.ruby; path = coverage.rb; sourceTree = "<group>"; };
		9AFF48962058222A00131955 /* Coverage.swift */ = {isa = PBXFileReference; fileEncoding = 4; lastKnownFileType = sourcecode.swift; path = Coverage.swift; sourceTree = "<group>"; };
		9AFF48972058222A00131955 /* Formatter.swift */ = {isa = PBXFileReference; fileEncoding = 4; lastKnownFileType = sourcecode.swift; path = Formatter.swift; sourceTree = "<group>"; };
		9AFF48982058222A00131955 /* Project.swift */ = {isa = PBXFileReference; fileEncoding = 4; lastKnownFileType = sourcecode.swift; path = Project.swift; sourceTree = "<group>"; };
		9AFF48992058222A00131955 /* Utils.h */ = {isa = PBXFileReference; fileEncoding = 4; lastKnownFileType = sourcecode.c.h; path = Utils.h; sourceTree = "<group>"; };
		9AFF489A2058222A00131955 /* Utils.m */ = {isa = PBXFileReference; fileEncoding = 4; lastKnownFileType = sourcecode.c.objc; path = Utils.m; sourceTree = "<group>"; };
		9AFF489B2058222A00131955 /* Xcode.h */ = {isa = PBXFileReference; fileEncoding = 4; lastKnownFileType = sourcecode.c.h; path = Xcode.h; sourceTree = "<group>"; };
		9AFF48AB205822CB00131955 /* BundleInterface.h */ = {isa = PBXFileReference; fileEncoding = 4; lastKnownFileType = sourcecode.c.h; path = BundleInterface.h; sourceTree = "<group>"; };
		9AFF48AC205822CB00131955 /* BundleSweeper.h */ = {isa = PBXFileReference; fileEncoding = 4; lastKnownFileType = sourcecode.c.h; path = BundleSweeper.h; sourceTree = "<group>"; };
		9AFF48AD205822CB00131955 /* FileWatcher.h */ = {isa = PBXFileReference; fileEncoding = 4; lastKnownFileType = sourcecode.c.h; path = FileWatcher.h; sourceTree = "<group>"; };
		9AFF48AE205822CB00131955 /* FileWatcher.m */ = {isa = PBXFileReference; fileEncoding = 4; lastKnownFileType = sourcecode.c.objc; path = FileWatcher.m; sourceTree = "<group>"; };
		9AFF48AF205822CB00131955 /* INPluginClientController.h */ = {isa = PBXFileReference; fileEncoding = 4; lastKnownFileType = sourcecode.c.h; path = INPluginClientController.h; sourceTree = "<group>"; };
		9AFF48B0205822CB00131955 /* INPluginClientController.m */ = {isa = PBXFileReference; fileEncoding = 4; lastKnownFileType = sourcecode.c.objc; path = INPluginClientController.m; sourceTree = "<group>"; };
		9AFF48B1205822CB00131955 /* INPluginMenuController.h */ = {isa = PBXFileReference; fileEncoding = 4; lastKnownFileType = sourcecode.c.h; path = INPluginMenuController.h; sourceTree = "<group>"; };
		9AFF48B2205822CB00131955 /* INPluginMenuController.m */ = {isa = PBXFileReference; fileEncoding = 4; lastKnownFileType = sourcecode.c.objc; path = INPluginMenuController.m; sourceTree = "<group>"; };
		9AFF48B3205822CB00131955 /* INPluginMenuController.xib */ = {isa = PBXFileReference; fileEncoding = 4; lastKnownFileType = file.xib; path = INPluginMenuController.xib; sourceTree = "<group>"; };
		9AFF48B4205822CB00131955 /* IvarAccess.h */ = {isa = PBXFileReference; fileEncoding = 4; lastKnownFileType = sourcecode.c.h; path = IvarAccess.h; sourceTree = "<group>"; };
		9AFF48B92058230F00131955 /* CodeMirror */ = {isa = PBXFileReference; lastKnownFileType = folder; path = CodeMirror; sourceTree = "<group>"; };
		9AFF48BA2058230F00131955 /* tiny_red.gif */ = {isa = PBXFileReference; lastKnownFileType = image.gif; path = tiny_red.gif; sourceTree = "<group>"; };
		9AFF48BB2058230F00131955 /* Xprobe.h */ = {isa = PBXFileReference; fileEncoding = 4; lastKnownFileType = sourcecode.c.h; path = Xprobe.h; sourceTree = "<group>"; };
		9AFF48BC2058230F00131955 /* xprobe.html */ = {isa = PBXFileReference; fileEncoding = 4; lastKnownFileType = text.html; path = xprobe.html; sourceTree = "<group>"; };
		9AFF48BD2058230F00131955 /* Xprobe.mm */ = {isa = PBXFileReference; fileEncoding = 4; lastKnownFileType = sourcecode.cpp.objcpp; path = Xprobe.mm; sourceTree = "<group>"; };
		9AFF48BE2058230F00131955 /* Xprobe+Service.mm */ = {isa = PBXFileReference; fileEncoding = 4; lastKnownFileType = sourcecode.cpp.objcpp; path = "Xprobe+Service.mm"; sourceTree = "<group>"; };
		9AFF48BF2058230F00131955 /* XprobeConsole.h */ = {isa = PBXFileReference; fileEncoding = 4; lastKnownFileType = sourcecode.c.h; path = XprobeConsole.h; sourceTree = "<group>"; };
		9AFF48C02058230F00131955 /* XprobeConsole.m */ = {isa = PBXFileReference; fileEncoding = 4; lastKnownFileType = sourcecode.c.objc; path = XprobeConsole.m; sourceTree = "<group>"; };
		9AFF48C12058230F00131955 /* XprobeConsole.xib */ = {isa = PBXFileReference; fileEncoding = 4; lastKnownFileType = file.xib; path = XprobeConsole.xib; sourceTree = "<group>"; };
		9AFF48C22058230F00131955 /* XprobePluginMenuController.h */ = {isa = PBXFileReference; fileEncoding = 4; lastKnownFileType = sourcecode.c.h; path = XprobePluginMenuController.h; sourceTree = "<group>"; };
		9AFF48C32058230F00131955 /* XprobePluginMenuController.m */ = {isa = PBXFileReference; fileEncoding = 4; lastKnownFileType = sourcecode.c.objc; path = XprobePluginMenuController.m; sourceTree = "<group>"; };
		9AFF48C42058230F00131955 /* XprobePluginMenuController.xib */ = {isa = PBXFileReference; fileEncoding = 4; lastKnownFileType = file.xib; path = XprobePluginMenuController.xib; sourceTree = "<group>"; };
		9AFF48C52058230F00131955 /* Xtrace.h */ = {isa = PBXFileReference; fileEncoding = 4; lastKnownFileType = sourcecode.c.h; path = Xtrace.h; sourceTree = "<group>"; };
		9AFF48C62058230F00131955 /* Xtrace.mm */ = {isa = PBXFileReference; fileEncoding = 4; lastKnownFileType = sourcecode.cpp.objcpp; path = Xtrace.mm; sourceTree = "<group>"; };
		9AFF48D12058235700131955 /* RemoteCapture.h */ = {isa = PBXFileReference; fileEncoding = 4; lastKnownFileType = sourcecode.c.h; path = RemoteCapture.h; sourceTree = "<group>"; };
		9AFF48D22058235700131955 /* RemoteHeaders.h */ = {isa = PBXFileReference; fileEncoding = 4; lastKnownFileType = sourcecode.c.h; path = RemoteHeaders.h; sourceTree = "<group>"; };
		9AFF48D32058235700131955 /* RMDeviceController.h */ = {isa = PBXFileReference; fileEncoding = 4; lastKnownFileType = sourcecode.c.h; path = RMDeviceController.h; sourceTree = "<group>"; };
		9AFF48D42058235700131955 /* RMDeviceController.m */ = {isa = PBXFileReference; fileEncoding = 4; lastKnownFileType = sourcecode.c.objc; path = RMDeviceController.m; sourceTree = "<group>"; };
		9AFF48D52058235700131955 /* RMImageView.h */ = {isa = PBXFileReference; fileEncoding = 4; lastKnownFileType = sourcecode.c.h; path = RMImageView.h; sourceTree = "<group>"; };
		9AFF48D62058235700131955 /* RMImageView.m */ = {isa = PBXFileReference; fileEncoding = 4; lastKnownFileType = sourcecode.c.objc; path = RMImageView.m; sourceTree = "<group>"; };
		9AFF48D72058235700131955 /* RMMacroManager.h */ = {isa = PBXFileReference; fileEncoding = 4; lastKnownFileType = sourcecode.c.h; path = RMMacroManager.h; sourceTree = "<group>"; };
		9AFF48D82058235700131955 /* RMMacroManager.m */ = {isa = PBXFileReference; fileEncoding = 4; lastKnownFileType = sourcecode.c.objc; path = RMMacroManager.m; sourceTree = "<group>"; };
		9AFF48D92058235700131955 /* RMPluginController.h */ = {isa = PBXFileReference; fileEncoding = 4; lastKnownFileType = sourcecode.c.h; path = RMPluginController.h; sourceTree = "<group>"; };
		9AFF48DA2058235700131955 /* RMPluginController.m */ = {isa = PBXFileReference; fileEncoding = 4; lastKnownFileType = sourcecode.c.objc; path = RMPluginController.m; sourceTree = "<group>"; };
		9AFF48DB2058235700131955 /* RMPluginController.xib */ = {isa = PBXFileReference; fileEncoding = 4; lastKnownFileType = file.xib; path = RMPluginController.xib; sourceTree = "<group>"; };
		9AFF48DC2058235700131955 /* RMWindowController.h */ = {isa = PBXFileReference; fileEncoding = 4; lastKnownFileType = sourcecode.c.h; path = RMWindowController.h; sourceTree = "<group>"; };
		9AFF48DD2058235700131955 /* RMWindowController.m */ = {isa = PBXFileReference; fileEncoding = 4; lastKnownFileType = sourcecode.c.objc; path = RMWindowController.m; sourceTree = "<group>"; };
		9AFF48DE2058235700131955 /* RMWindowController.xib */ = {isa = PBXFileReference; fileEncoding = 4; lastKnownFileType = file.xib; path = RMWindowController.xib; sourceTree = "<group>"; };
		9AFF48E62058238300131955 /* iphone.png */ = {isa = PBXFileReference; lastKnownFileType = image.png; path = iphone.png; sourceTree = "<group>"; };
		9AFF48E72058238300131955 /* log.html */ = {isa = PBXFileReference; fileEncoding = 4; lastKnownFileType = text.html; path = log.html; sourceTree = "<group>"; };
		9AFF48E82058238300131955 /* patch.py */ = {isa = PBXFileReference; fileEncoding = 4; lastKnownFileType = text.script.python; path = patch.py; sourceTree = "<group>"; };
		9AFF48E92058238300131955 /* unpatch.py */ = {isa = PBXFileReference; fileEncoding = 4; lastKnownFileType = text.script.python; path = unpatch.py; sourceTree = "<group>"; };
		9AFF48EE205823A200131955 /* mach_inject_bundle_stub.c */ = {isa = PBXFileReference; fileEncoding = 4; lastKnownFileType = sourcecode.c.c; path = mach_inject_bundle_stub.c; sourceTree = "<group>"; };
		9AFF48EF205823A200131955 /* mach_inject_bundle_stub.h */ = {isa = PBXFileReference; fileEncoding = 4; lastKnownFileType = sourcecode.c.h; path = mach_inject_bundle_stub.h; sourceTree = "<group>"; };
		9AFF48F9205823E900131955 /* Helper.h */ = {isa = PBXFileReference; fileEncoding = 4; lastKnownFileType = sourcecode.c.h; path = Helper.h; sourceTree = "<group>"; };
		9AFF48FA205823E900131955 /* Helper.m */ = {isa = PBXFileReference; fileEncoding = 4; lastKnownFileType = sourcecode.c.objc; path = Helper.m; sourceTree = "<group>"; };
		9AFF48FB205823E900131955 /* mach_inject.c */ = {isa = PBXFileReference; fileEncoding = 4; lastKnownFileType = sourcecode.c.c; path = mach_inject.c; sourceTree = "<group>"; };
		9AFF48FC205823E900131955 /* mach_inject.h */ = {isa = PBXFileReference; fileEncoding = 4; lastKnownFileType = sourcecode.c.h; path = mach_inject.h; sourceTree = "<group>"; };
		9AFF48FD205823E900131955 /* main.m */ = {isa = PBXFileReference; fileEncoding = 4; lastKnownFileType = sourcecode.c.objc; path = main.m; sourceTree = "<group>"; };
		9AFF49012058266900131955 /* BundleProtocol.h */ = {isa = PBXFileReference; fileEncoding = 4; lastKnownFileType = sourcecode.c.h; path = BundleProtocol.h; sourceTree = "<group>"; };
		BB010BE51E1F3D5A00C3AACA /* RMController.swift */ = {isa = PBXFileReference; fileEncoding = 4; lastKnownFileType = sourcecode.swift; path = RMController.swift; sourceTree = "<group>"; };
		BB010C0E1E1F85FF00C3AACA /* QTKit.framework */ = {isa = PBXFileReference; lastKnownFileType = wrapper.framework; name = QTKit.framework; path = System/Library/Frameworks/QTKit.framework; sourceTree = SDKROOT; };
		BB248A921E210E2F003F0DF6 /* Benchmark.swift */ = {isa = PBXFileReference; fileEncoding = 4; lastKnownFileType = sourcecode.swift; path = Benchmark.swift; sourceTree = "<group>"; };
		BB25263D1F65CC9700898347 /* LICENSE */ = {isa = PBXFileReference; lastKnownFileType = text; path = LICENSE; sourceTree = "<group>"; };
		BB356A4D1E0AF2780056B10F /* Injection.app */ = {isa = PBXFileReference; explicitFileType = wrapper.application; includeInIndex = 0; path = Injection.app; sourceTree = BUILT_PRODUCTS_DIR; };
		BB356A521E0AF2780056B10F /* Assets.xcassets */ = {isa = PBXFileReference; lastKnownFileType = folder.assetcatalog; path = Assets.xcassets; sourceTree = "<group>"; };
		BB356A571E0AF2780056B10F /* Info.plist */ = {isa = PBXFileReference; lastKnownFileType = text.plist.xml; path = Info.plist; sourceTree = "<group>"; };
		BB356A5D1E0AF2AC0056B10F /* Injectorator-Bridging-Header.h */ = {isa = PBXFileReference; lastKnownFileType = sourcecode.c.h; path = "Injectorator-Bridging-Header.h"; sourceTree = "<group>"; };
		BB356A7A1E0AF36F0056B10F /* Base */ = {isa = PBXFileReference; lastKnownFileType = file.xib; name = Base; path = ../../RefactoratorApp/Refactorator/Base.lproj/MainMenu.xib; sourceTree = "<group>"; };
		BB356A8A1E0AF40B0056B10F /* libsqlite3.tbd */ = {isa = PBXFileReference; lastKnownFileType = "sourcecode.text-based-dylib-definition"; name = libsqlite3.tbd; path = usr/lib/libsqlite3.tbd; sourceTree = SDKROOT; };
		BB356A8D1E0AF4890056B10F /* App.icns */ = {isa = PBXFileReference; lastKnownFileType = image.icns; path = App.icns; sourceTree = "<group>"; };
		BB356A8F1E0AF4AC0056B10F /* WebKit.framework */ = {isa = PBXFileReference; lastKnownFileType = wrapper.framework; name = WebKit.framework; path = System/Library/Frameworks/WebKit.framework; sourceTree = SDKROOT; };
		BB356A911E0AF4C40056B10F /* sourcekitd.framework */ = {isa = PBXFileReference; lastKnownFileType = wrapper.framework; name = sourcekitd.framework; path = Toolchains/XcodeDefault.xctoolchain/usr/lib/sourcekitd.framework; sourceTree = DEVELOPER_DIR; };
		BB356ABA1E0AF8130056B10F /* libz.tbd */ = {isa = PBXFileReference; lastKnownFileType = "sourcecode.text-based-dylib-definition"; name = libz.tbd; path = usr/lib/libz.tbd; sourceTree = SDKROOT; };
		BB356ABC1E0B03220056B10F /* injection.png */ = {isa = PBXFileReference; lastKnownFileType = image.png; name = injection.png; path = ../../injectionforxcode/InjectionPluginLite/injection.png; sourceTree = "<group>"; };
		BB356AD61E0B09000056B10F /* com.johnholdsworth.Injectorator.Helper */ = {isa = PBXFileReference; explicitFileType = "compiled.mach-o.executable"; includeInIndex = 0; path = com.johnholdsworth.Injectorator.Helper; sourceTree = BUILT_PRODUCTS_DIR; };
		BB356AE51E0B096D0056B10F /* Info.plist */ = {isa = PBXFileReference; fileEncoding = 4; lastKnownFileType = text.plist.xml; path = Info.plist; sourceTree = "<group>"; };
		BB356AE61E0B096D0056B10F /* Info-Launchd.plist */ = {isa = PBXFileReference; fileEncoding = 4; lastKnownFileType = text.plist.xml; path = "Info-Launchd.plist"; sourceTree = "<group>"; };
		BB356AFC1E0B0B8A0056B10F /* Bootstrap.bundle */ = {isa = PBXFileReference; explicitFileType = wrapper.cfbundle; includeInIndex = 0; path = Bootstrap.bundle; sourceTree = BUILT_PRODUCTS_DIR; };
		BB356AFE1E0B0B8A0056B10F /* Info.plist */ = {isa = PBXFileReference; lastKnownFileType = text.plist.xml; path = Info.plist; sourceTree = "<group>"; };
		BB356B121E0B0E680056B10F /* InjectionOK.tif */ = {isa = PBXFileReference; lastKnownFileType = image.tiff; path = InjectionOK.tif; sourceTree = "<group>"; };
		BB356B5C1E0B184C0056B10F /* InjectionLoader.xcodeproj */ = {isa = PBXFileReference; lastKnownFileType = "wrapper.pb-project"; name = InjectionLoader.xcodeproj; path = InjectionLoader/InjectionLoader.xcodeproj; sourceTree = "<group>"; };
		BB356B7B1E0B4A9A0056B10F /* Credits.rtf */ = {isa = PBXFileReference; fileEncoding = 4; lastKnownFileType = text.rtf; path = Credits.rtf; sourceTree = "<group>"; };
		BB356B841E0B5A500056B10F /* InjectionIdle.tif */ = {isa = PBXFileReference; lastKnownFileType = image.tiff; path = InjectionIdle.tif; sourceTree = "<group>"; };
		BB356B861E0B5D450056B10F /* INController.swift */ = {isa = PBXFileReference; fileEncoding = 4; lastKnownFileType = sourcecode.swift; path = INController.swift; sourceTree = "<group>"; };
		BB356B8A1E0B72890056B10F /* iOSBundleTemplate */ = {isa = PBXFileReference; lastKnownFileType = folder; name = iOSBundleTemplate; path = ../injectionforxcode/InjectionPluginLite/iOSBundleTemplate; sourceTree = "<group>"; };
		BB356B8B1E0B72890056B10F /* OSXBundleTemplate */ = {isa = PBXFileReference; lastKnownFileType = folder; name = OSXBundleTemplate; path = ../injectionforxcode/InjectionPluginLite/OSXBundleTemplate; sourceTree = "<group>"; };
		BB356BAE1E0B8E930056B10F /* XprobeSwift.xcodeproj */ = {isa = PBXFileReference; lastKnownFileType = "wrapper.pb-project"; name = XprobeSwift.xcodeproj; path = XprobeSwift/XprobeSwift.xcodeproj; sourceTree = "<group>"; };
		BB356BD11E0C4C0E0056B10F /* injectSource */ = {isa = PBXFileReference; explicitFileType = "compiled.mach-o.executable"; includeInIndex = 0; path = injectSource; sourceTree = BUILT_PRODUCTS_DIR; };
		BB356BD31E0C4C0F0056B10F /* main.m */ = {isa = PBXFileReference; lastKnownFileType = sourcecode.c.objc; path = main.m; sourceTree = "<group>"; };
		BB356BDF1E0C758F0056B10F /* Integration.swift */ = {isa = PBXFileReference; fileEncoding = 4; lastKnownFileType = sourcecode.swift; path = Integration.swift; sourceTree = "<group>"; };
		BB356C001E0D9B410056B10F /* Integration.xib */ = {isa = PBXFileReference; fileEncoding = 4; lastKnownFileType = file.xib; path = Integration.xib; sourceTree = "<group>"; };
		BB4847BC1E380E1000622FA4 /* DDHotKeyCenter.h */ = {isa = PBXFileReference; fileEncoding = 4; lastKnownFileType = sourcecode.c.h; name = DDHotKeyCenter.h; path = ../../DDHotKey/DDHotKeyCenter.h; sourceTree = "<group>"; };
		BB4847BD1E380E1000622FA4 /* DDHotKeyCenter.m */ = {isa = PBXFileReference; fileEncoding = 4; lastKnownFileType = sourcecode.c.objc; name = DDHotKeyCenter.m; path = ../../DDHotKey/DDHotKeyCenter.m; sourceTree = "<group>"; };
		BB4847BE1E380E1000622FA4 /* DDHotKeyUtilities.h */ = {isa = PBXFileReference; fileEncoding = 4; lastKnownFileType = sourcecode.c.h; name = DDHotKeyUtilities.h; path = ../../DDHotKey/DDHotKeyUtilities.h; sourceTree = "<group>"; };
		BB4847BF1E380E1000622FA4 /* DDHotKeyUtilities.m */ = {isa = PBXFileReference; fileEncoding = 4; lastKnownFileType = sourcecode.c.objc; name = DDHotKeyUtilities.m; path = ../../DDHotKey/DDHotKeyUtilities.m; sourceTree = "<group>"; };
		BB5A609E1E221EA600B6C1D9 /* closed_folder_orange.png */ = {isa = PBXFileReference; lastKnownFileType = image.png; name = closed_folder_orange.png; path = ../DiskTree/closed_folder_orange.png; sourceTree = "<group>"; };
		BB5A609F1E221EA600B6C1D9 /* open_folder_orange.png */ = {isa = PBXFileReference; lastKnownFileType = image.png; name = open_folder_orange.png; path = ../DiskTree/open_folder_orange.png; sourceTree = "<group>"; };
		BB5A60A01E221EA600B6C1D9 /* document.png */ = {isa = PBXFileReference; lastKnownFileType = image.png; name = document.png; path = ../DiskTree/document.png; sourceTree = "<group>"; };
		BB5A60A11E221EA600B6C1D9 /* scan2.png */ = {isa = PBXFileReference; lastKnownFileType = image.png; name = scan2.png; path = ../DiskTree/scan2.png; sourceTree = "<group>"; };
		BB5A60A21E221EA600B6C1D9 /* scan.png */ = {isa = PBXFileReference; lastKnownFileType = image.png; name = scan.png; path = ../DiskTree/scan.png; sourceTree = "<group>"; };
		BB5A60B11E221F5C00B6C1D9 /* DiskTree.html */ = {isa = PBXFileReference; fileEncoding = 4; lastKnownFileType = text.html; name = DiskTree.html; path = DiskTree/DiskTree.html; sourceTree = "<group>"; };
		BB5A60B21E221F5C00B6C1D9 /* DiskTree.xib */ = {isa = PBXFileReference; fileEncoding = 4; lastKnownFileType = file.xib; name = DiskTree.xib; path = DiskTree/DiskTree.xib; sourceTree = "<group>"; };
		BB5A60B91E22211900B6C1D9 /* tree */ = {isa = PBXFileReference; explicitFileType = "compiled.mach-o.executable"; includeInIndex = 0; path = tree; sourceTree = BUILT_PRODUCTS_DIR; };
		BB5A60C61E2221EC00B6C1D9 /* tree.c */ = {isa = PBXFileReference; fileEncoding = 4; lastKnownFileType = sourcecode.c.c; name = tree.c; path = DiskTree/tree.c; sourceTree = "<group>"; };
		BB5A60C91E2222A200B6C1D9 /* objcpp.h */ = {isa = PBXFileReference; fileEncoding = 4; lastKnownFileType = sourcecode.c.h; name = objcpp.h; path = ../ObjCpp/objcpp.h; sourceTree = "<group>"; };
		BB5A60CA1E2222A200B6C1D9 /* objstr.h */ = {isa = PBXFileReference; fileEncoding = 4; lastKnownFileType = sourcecode.c.h; name = objstr.h; path = ../ObjCpp/objstr.h; sourceTree = "<group>"; };
		BB63C9D81F7862A30048D83B /* docs */ = {isa = PBXFileReference; lastKnownFileType = folder; path = docs; sourceTree = "<group>"; };
		BB7D5F0D1E15B94200393CA1 /* README.md */ = {isa = PBXFileReference; fileEncoding = 4; lastKnownFileType = net.daringfireball.markdown; path = README.md; sourceTree = "<group>"; };
/* End PBXFileReference section */

/* Begin PBXFrameworksBuildPhase section */
		BB356A4A1E0AF2780056B10F /* Frameworks */ = {
			isa = PBXFrameworksBuildPhase;
			buildActionMask = 2147483647;
			files = (
				BB356A901E0AF4AC0056B10F /* WebKit.framework in Frameworks */,
				BB010C0F1E1F85FF00C3AACA /* QTKit.framework in Frameworks */,
				BB356A8B1E0AF40B0056B10F /* libsqlite3.tbd in Frameworks */,
				BB356ABB1E0AF8130056B10F /* libz.tbd in Frameworks */,
			);
			runOnlyForDeploymentPostprocessing = 0;
		};
		BB356AD31E0B09000056B10F /* Frameworks */ = {
			isa = PBXFrameworksBuildPhase;
			buildActionMask = 2147483647;
			files = (
			);
			runOnlyForDeploymentPostprocessing = 0;
		};
		BB356AF91E0B0B8A0056B10F /* Frameworks */ = {
			isa = PBXFrameworksBuildPhase;
			buildActionMask = 2147483647;
			files = (
			);
			runOnlyForDeploymentPostprocessing = 0;
		};
		BB356BCE1E0C4C0E0056B10F /* Frameworks */ = {
			isa = PBXFrameworksBuildPhase;
			buildActionMask = 2147483647;
			files = (
			);
			runOnlyForDeploymentPostprocessing = 0;
		};
		BB5A60B61E22211900B6C1D9 /* Frameworks */ = {
			isa = PBXFrameworksBuildPhase;
			buildActionMask = 2147483647;
			files = (
			);
			runOnlyForDeploymentPostprocessing = 0;
		};
/* End PBXFrameworksBuildPhase section */

/* Begin PBXGroup section */
		BB010BBD1E1F39BE00C3AACA /* Remote */ = {
			isa = PBXGroup;
			children = (
				9AFF48D12058235700131955 /* RemoteCapture.h */,
				9AFF48D22058235700131955 /* RemoteHeaders.h */,
				9AFF48D32058235700131955 /* RMDeviceController.h */,
				9AFF48D42058235700131955 /* RMDeviceController.m */,
				9AFF48D52058235700131955 /* RMImageView.h */,
				9AFF48D62058235700131955 /* RMImageView.m */,
				9AFF48D72058235700131955 /* RMMacroManager.h */,
				9AFF48D82058235700131955 /* RMMacroManager.m */,
				9AFF48D92058235700131955 /* RMPluginController.h */,
				9AFF48DA2058235700131955 /* RMPluginController.m */,
				9AFF48DB2058235700131955 /* RMPluginController.xib */,
				9AFF48DC2058235700131955 /* RMWindowController.h */,
				9AFF48DD2058235700131955 /* RMWindowController.m */,
				9AFF48DE2058235700131955 /* RMWindowController.xib */,
				BB010BD31E1F39FE00C3AACA /* Resources */,
			);
			name = Remote;
			sourceTree = "<group>";
		};
		BB010BD31E1F39FE00C3AACA /* Resources */ = {
			isa = PBXGroup;
			children = (
				9AFF48E62058238300131955 /* iphone.png */,
				9AFF48E72058238300131955 /* log.html */,
				9AFF48E82058238300131955 /* patch.py */,
				9AFF48E92058238300131955 /* unpatch.py */,
			);
			name = Resources;
			sourceTree = "<group>";
		};
		BB356A441E0AF2780056B10F = {
			isa = PBXGroup;
			children = (
				BB63C9D81F7862A30048D83B /* docs */,
				BB25263D1F65CC9700898347 /* LICENSE */,
				BB7D5F0D1E15B94200393CA1 /* README.md */,
				BB356A4F1E0AF2780056B10F /* Injectorator */,
				BB356ABE1E0B04B80056B10F /* Refactorator */,
				BB356A971E0AF6710056B10F /* Injection */,
				BB356A981E0AF67D0056B10F /* Xprobe */,
				BB010BBD1E1F39BE00C3AACA /* Remote */,
				BB5A609B1E221E7000B6C1D9 /* DiskTree */,
				BB356AD71E0B09000056B10F /* InjectionHelper */,
				BB356AFD1E0B0B8A0056B10F /* InjectionBootstrap */,
				BB356B5C1E0B184C0056B10F /* InjectionLoader.xcodeproj */,
				BB356BAE1E0B8E930056B10F /* XprobeSwift.xcodeproj */,
				BB356B8A1E0B72890056B10F /* iOSBundleTemplate */,
				BB356B8B1E0B72890056B10F /* OSXBundleTemplate */,
				BB356BD21E0C4C0F0056B10F /* injectSource */,
				BB356A891E0AF40A0056B10F /* Frameworks */,
				BB356A4E1E0AF2780056B10F /* Products */,
			);
			sourceTree = "<group>";
		};
		BB356A4E1E0AF2780056B10F /* Products */ = {
			isa = PBXGroup;
			children = (
				BB356A4D1E0AF2780056B10F /* Injection.app */,
				BB356AD61E0B09000056B10F /* com.johnholdsworth.Injectorator.Helper */,
				BB356AFC1E0B0B8A0056B10F /* Bootstrap.bundle */,
				BB356BD11E0C4C0E0056B10F /* injectSource */,
				BB5A60B91E22211900B6C1D9 /* tree */,
			);
			name = Products;
			sourceTree = "<group>";
		};
		BB356A4F1E0AF2780056B10F /* Injectorator */ = {
			isa = PBXGroup;
			children = (
				BB356BDF1E0C758F0056B10F /* Integration.swift */,
				9AFF49012058266900131955 /* BundleProtocol.h */,
				BB356C001E0D9B410056B10F /* Integration.xib */,
				BB248A921E210E2F003F0DF6 /* Benchmark.swift */,
				BB356B861E0B5D450056B10F /* INController.swift */,
				BB010BE51E1F3D5A00C3AACA /* RMController.swift */,
				9AFF48642058205500131955 /* HelperInstaller.h */,
				9AFF48652058205500131955 /* HelperInstaller.m */,
				9AFF48662058205500131955 /* HelperProxy.h */,
				9AFF48672058205500131955 /* HelperProxy.m */,
				BB4847BC1E380E1000622FA4 /* DDHotKeyCenter.h */,
				BB4847BD1E380E1000622FA4 /* DDHotKeyCenter.m */,
				BB4847BE1E380E1000622FA4 /* DDHotKeyUtilities.h */,
				BB4847BF1E380E1000622FA4 /* DDHotKeyUtilities.m */,
				BB356B841E0B5A500056B10F /* InjectionIdle.tif */,
				BB356B121E0B0E680056B10F /* InjectionOK.tif */,
				9AFF486C2058209500131955 /* common.pm */,
				9AFF486D2058209500131955 /* evalCode.pl */,
				9AFF486E2058209500131955 /* injectSource.pl */,
				9AFF486F2058209500131955 /* injectStoryboard.pl */,
				9AFF48702058209500131955 /* InjectUnitTests.pm */,
				9AFF48712058209500131955 /* listDevice.pl */,
				9AFF48722058209500131955 /* openBundle.pl */,
				9AFF48732058209500131955 /* patchProject.pl */,
				9AFF48742058209500131955 /* projectBuilt.pl */,
				9AFF48752058209500131955 /* revertProject.pl */,
				BB356A5D1E0AF2AC0056B10F /* Injectorator-Bridging-Header.h */,
				BB356A781E0AF32A0056B10F /* Resources */,
			);
			path = Injectorator;
			sourceTree = "<group>";
		};
		BB356A781E0AF32A0056B10F /* Resources */ = {
			isa = PBXGroup;
			children = (
				BB356A521E0AF2780056B10F /* Assets.xcassets */,
				BB356A791E0AF36E0056B10F /* MainMenu.xib */,
				BB356B7B1E0B4A9A0056B10F /* Credits.rtf */,
				BB356A8D1E0AF4890056B10F /* App.icns */,
				BB356A571E0AF2780056B10F /* Info.plist */,
				9AFF4884205821B500131955 /* canviz2.html */,
				9AFF4885205821B500131955 /* Intro.html */,
				9AFF4886205821B500131955 /* Source.html */,
				9AFF48802058217400131955 /* canviz-0.1 */,
				9AFF48812058217500131955 /* canviz.html */,
			);
			name = Resources;
			sourceTree = "<group>";
		};
		BB356A891E0AF40A0056B10F /* Frameworks */ = {
			isa = PBXGroup;
			children = (
				BB010C0E1E1F85FF00C3AACA /* QTKit.framework */,
				BB356ABA1E0AF8130056B10F /* libz.tbd */,
				BB356A911E0AF4C40056B10F /* sourcekitd.framework */,
				BB356A8F1E0AF4AC0056B10F /* WebKit.framework */,
				BB356A8A1E0AF40B0056B10F /* libsqlite3.tbd */,
			);
			name = Frameworks;
			sourceTree = "<group>";
		};
		BB356A971E0AF6710056B10F /* Injection */ = {
			isa = PBXGroup;
			children = (
				9AFF48AB205822CB00131955 /* BundleInterface.h */,
				9AFF48AC205822CB00131955 /* BundleSweeper.h */,
				9AFF48AD205822CB00131955 /* FileWatcher.h */,
				9AFF48AE205822CB00131955 /* FileWatcher.m */,
				9AFF48AF205822CB00131955 /* INPluginClientController.h */,
				9AFF48B0205822CB00131955 /* INPluginClientController.m */,
				9AFF48B1205822CB00131955 /* INPluginMenuController.h */,
				9AFF48B2205822CB00131955 /* INPluginMenuController.m */,
				9AFF48B3205822CB00131955 /* INPluginMenuController.xib */,
				9AFF48B4205822CB00131955 /* IvarAccess.h */,
				BB356ABC1E0B03220056B10F /* injection.png */,
			);
			name = Injection;
			path = Injectorator;
			sourceTree = "<group>";
		};
		BB356A981E0AF67D0056B10F /* Xprobe */ = {
			isa = PBXGroup;
			children = (
				9AFF48B92058230F00131955 /* CodeMirror */,
				9AFF48BA2058230F00131955 /* tiny_red.gif */,
				9AFF48BB2058230F00131955 /* Xprobe.h */,
				9AFF48BC2058230F00131955 /* xprobe.html */,
				9AFF48BD2058230F00131955 /* Xprobe.mm */,
				9AFF48BE2058230F00131955 /* Xprobe+Service.mm */,
				9AFF48BF2058230F00131955 /* XprobeConsole.h */,
				9AFF48C02058230F00131955 /* XprobeConsole.m */,
				9AFF48C12058230F00131955 /* XprobeConsole.xib */,
				9AFF48C22058230F00131955 /* XprobePluginMenuController.h */,
				9AFF48C32058230F00131955 /* XprobePluginMenuController.m */,
				9AFF48C42058230F00131955 /* XprobePluginMenuController.xib */,
				9AFF48C52058230F00131955 /* Xtrace.h */,
				9AFF48C62058230F00131955 /* Xtrace.mm */,
			);
			name = Xprobe;
			path = Injectorator;
			sourceTree = "<group>";
		};
		BB356ABE1E0B04B80056B10F /* Refactorator */ = {
			isa = PBXGroup;
			children = (
				9AFF488A2058222A00131955 /* ByteRegex.swift */,
				9AFF488B2058222A00131955 /* Entity.swift */,
				9AFF488C2058222A00131955 /* IndexDB.swift */,
				9AFF488D2058222A00131955 /* IndexStrings.swift */,
				9AFF488E2058222A00131955 /* LineGenerators.swift */,
				9AFF488F2058222A00131955 /* LogParser.swift */,
				9AFF48902058222A00131955 /* SourceKit.swift */,
				9AFF48912058222A00131955 /* sourcekitd.h */,
				9AFF48922058222A00131955 /* AppController.swift */,
				9AFF48932058222A00131955 /* AppDelegate.swift */,
				9AFF48942058222A00131955 /* Common.swift */,
				9AFF48952058222A00131955 /* coverage.rb */,
				9AFF48962058222A00131955 /* Coverage.swift */,
				9AFF48972058222A00131955 /* Formatter.swift */,
				9AFF48982058222A00131955 /* Project.swift */,
				9AFF48992058222A00131955 /* Utils.h */,
				9AFF489A2058222A00131955 /* Utils.m */,
				9AFF489B2058222A00131955 /* Xcode.h */,
			);
			name = Refactorator;
			path = Injectorator;
			sourceTree = "<group>";
		};
		BB356AD71E0B09000056B10F /* InjectionHelper */ = {
			isa = PBXGroup;
			children = (
				9AFF48F9205823E900131955 /* Helper.h */,
				9AFF48FA205823E900131955 /* Helper.m */,
				9AFF48FB205823E900131955 /* mach_inject.c */,
				9AFF48FC205823E900131955 /* mach_inject.h */,
				9AFF48FD205823E900131955 /* main.m */,
				BB356AE51E0B096D0056B10F /* Info.plist */,
				BB356AE61E0B096D0056B10F /* Info-Launchd.plist */,
			);
			path = InjectionHelper;
			sourceTree = "<group>";
		};
		BB356AFD1E0B0B8A0056B10F /* InjectionBootstrap */ = {
			isa = PBXGroup;
			children = (
				9AFF48EE205823A200131955 /* mach_inject_bundle_stub.c */,
				9AFF48EF205823A200131955 /* mach_inject_bundle_stub.h */,
				BB356AFE1E0B0B8A0056B10F /* Info.plist */,
			);
			path = InjectionBootstrap;
			sourceTree = "<group>";
		};
		BB356B5D1E0B184C0056B10F /* Products */ = {
			isa = PBXGroup;
			children = (
				BB356B611E0B184D0056B10F /* InjectionLoader.bundle */,
			);
			name = Products;
			sourceTree = "<group>";
		};
		BB356BAF1E0B8E930056B10F /* Products */ = {
			isa = PBXGroup;
			children = (
				BB356BB31E0B8E940056B10F /* XprobeSwift.bundle */,
			);
			name = Products;
			sourceTree = "<group>";
		};
		BB356BD21E0C4C0F0056B10F /* injectSource */ = {
			isa = PBXGroup;
			children = (
				BB356BD31E0C4C0F0056B10F /* main.m */,
			);
			path = injectSource;
			sourceTree = "<group>";
		};
		BB5A609B1E221E7000B6C1D9 /* DiskTree */ = {
			isa = PBXGroup;
			children = (
				BB5A60C91E2222A200B6C1D9 /* objcpp.h */,
				BB5A60CA1E2222A200B6C1D9 /* objstr.h */,
				BB5A60B21E221F5C00B6C1D9 /* DiskTree.xib */,
				BB5A60B11E221F5C00B6C1D9 /* DiskTree.html */,
				BB5A609E1E221EA600B6C1D9 /* closed_folder_orange.png */,
				BB5A609F1E221EA600B6C1D9 /* open_folder_orange.png */,
				BB5A60A01E221EA600B6C1D9 /* document.png */,
				BB5A60A11E221EA600B6C1D9 /* scan2.png */,
				BB5A60A21E221EA600B6C1D9 /* scan.png */,
				BB5A60C61E2221EC00B6C1D9 /* tree.c */,
			);
			name = DiskTree;
			sourceTree = "<group>";
		};
/* End PBXGroup section */

/* Begin PBXNativeTarget section */
		BB356A4C1E0AF2780056B10F /* Injection */ = {
			isa = PBXNativeTarget;
			buildConfigurationList = BB356A5A1E0AF2780056B10F /* Build configuration list for PBXNativeTarget "Injection" */;
			buildPhases = (
				BBE9E2F51E32274A00CF0929 /* ShellScript */,
				BB356A491E0AF2780056B10F /* Sources */,
				BB356A4A1E0AF2780056B10F /* Frameworks */,
				BB356A4B1E0AF2780056B10F /* Resources */,
				BB356B7D1E0B54240056B10F /* CopyFiles */,
				BB356B6D1E0B192C0056B10F /* ShellScript */,
			);
			buildRules = (
			);
			dependencies = (
				BB356AEB1E0B09F60056B10F /* PBXTargetDependency */,
				BB356B071E0B0BCE0056B10F /* PBXTargetDependency */,
				BB356BD91E0C4C1B0056B10F /* PBXTargetDependency */,
			);
			name = Injection;
			productName = Injectorator;
			productReference = BB356A4D1E0AF2780056B10F /* Injection.app */;
			productType = "com.apple.product-type.application";
		};
		BB356AD51E0B09000056B10F /* com.johnholdsworth.Injectorator.Helper */ = {
			isa = PBXNativeTarget;
			buildConfigurationList = BB356ADA1E0B09000056B10F /* Build configuration list for PBXNativeTarget "com.johnholdsworth.Injectorator.Helper" */;
			buildPhases = (
				BB356AD21E0B09000056B10F /* Sources */,
				BB356AD31E0B09000056B10F /* Frameworks */,
				BB356AD41E0B09000056B10F /* CopyFiles */,
			);
			buildRules = (
			);
			dependencies = (
			);
			name = com.johnholdsworth.Injectorator.Helper;
			productName = InjectionHelper;
			productReference = BB356AD61E0B09000056B10F /* com.johnholdsworth.Injectorator.Helper */;
			productType = "com.apple.product-type.tool";
		};
		BB356AFB1E0B0B8A0056B10F /* InjectionBootstrap */ = {
			isa = PBXNativeTarget;
			buildConfigurationList = BB356AFF1E0B0B8A0056B10F /* Build configuration list for PBXNativeTarget "InjectionBootstrap" */;
			buildPhases = (
				BB356AF81E0B0B8A0056B10F /* Sources */,
				BB356AF91E0B0B8A0056B10F /* Frameworks */,
			);
			buildRules = (
			);
			dependencies = (
			);
			name = InjectionBootstrap;
			productName = InjectionBootstrap;
			productReference = BB356AFC1E0B0B8A0056B10F /* Bootstrap.bundle */;
			productType = "com.apple.product-type.bundle";
		};
		BB356BD01E0C4C0E0056B10F /* injectSource */ = {
			isa = PBXNativeTarget;
			buildConfigurationList = BB356BD71E0C4C130056B10F /* Build configuration list for PBXNativeTarget "injectSource" */;
			buildPhases = (
				BB356BCD1E0C4C0E0056B10F /* Sources */,
				BB356BCE1E0C4C0E0056B10F /* Frameworks */,
				BB356BCF1E0C4C0E0056B10F /* CopyFiles */,
			);
			buildRules = (
			);
			dependencies = (
			);
			name = injectSource;
			productName = injectSource;
			productReference = BB356BD11E0C4C0E0056B10F /* injectSource */;
			productType = "com.apple.product-type.tool";
		};
		BB5A60B81E22211900B6C1D9 /* tree */ = {
			isa = PBXNativeTarget;
			buildConfigurationList = BB5A60BD1E22211900B6C1D9 /* Build configuration list for PBXNativeTarget "tree" */;
			buildPhases = (
				BB5A60B51E22211900B6C1D9 /* Sources */,
				BB5A60B61E22211900B6C1D9 /* Frameworks */,
				BB5A60B71E22211900B6C1D9 /* CopyFiles */,
			);
			buildRules = (
			);
			dependencies = (
			);
			name = tree;
			productName = tree;
			productReference = BB5A60B91E22211900B6C1D9 /* tree */;
			productType = "com.apple.product-type.tool";
		};
/* End PBXNativeTarget section */

/* Begin PBXProject section */
		BB356A451E0AF2780056B10F /* Project object */ = {
			isa = PBXProject;
			attributes = {
				LastSwiftUpdateCheck = 0820;
				LastUpgradeCheck = 0820;
				ORGANIZATIONNAME = "John Holdsworth";
				TargetAttributes = {
					BB356A4C1E0AF2780056B10F = {
						CreatedOnToolsVersion = 8.2.1;
						DevelopmentTeam = TY8LRYL2L5;
						LastSwiftMigration = 0820;
						ProvisioningStyle = Automatic;
					};
					BB356AD51E0B09000056B10F = {
						CreatedOnToolsVersion = 8.2.1;
						DevelopmentTeam = TY8LRYL2L5;
						LastSwiftMigration = 0820;
						ProvisioningStyle = Automatic;
					};
					BB356AFB1E0B0B8A0056B10F = {
						CreatedOnToolsVersion = 8.2.1;
						DevelopmentTeam = TY8LRYL2L5;
						ProvisioningStyle = Automatic;
					};
					BB356BD01E0C4C0E0056B10F = {
						CreatedOnToolsVersion = 8.2.1;
						DevelopmentTeam = TY8LRYL2L5;
						ProvisioningStyle = Automatic;
					};
					BB5A60B81E22211900B6C1D9 = {
						CreatedOnToolsVersion = 8.2.1;
						DevelopmentTeam = TY8LRYL2L5;
						ProvisioningStyle = Automatic;
					};
				};
			};
			buildConfigurationList = BB356A481E0AF2780056B10F /* Build configuration list for PBXProject "Injectorator" */;
			compatibilityVersion = "Xcode 3.2";
			developmentRegion = English;
			hasScannedForEncodings = 0;
			knownRegions = (
				en,
				Base,
			);
			mainGroup = BB356A441E0AF2780056B10F;
			productRefGroup = BB356A4E1E0AF2780056B10F /* Products */;
			projectDirPath = "";
			projectReferences = (
				{
					ProductGroup = BB356B5D1E0B184C0056B10F /* Products */;
					ProjectRef = BB356B5C1E0B184C0056B10F /* InjectionLoader.xcodeproj */;
				},
				{
					ProductGroup = BB356BAF1E0B8E930056B10F /* Products */;
					ProjectRef = BB356BAE1E0B8E930056B10F /* XprobeSwift.xcodeproj */;
				},
			);
			projectRoot = "";
			targets = (
				BB356A4C1E0AF2780056B10F /* Injection */,
				BB356AD51E0B09000056B10F /* com.johnholdsworth.Injectorator.Helper */,
				BB356AFB1E0B0B8A0056B10F /* InjectionBootstrap */,
				BB356BD01E0C4C0E0056B10F /* injectSource */,
				BB5A60B81E22211900B6C1D9 /* tree */,
			);
		};
/* End PBXProject section */

/* Begin PBXReferenceProxy section */
		BB356B611E0B184D0056B10F /* InjectionLoader.bundle */ = {
			isa = PBXReferenceProxy;
			fileType = wrapper.cfbundle;
			path = InjectionLoader.bundle;
			remoteRef = BB356B601E0B184D0056B10F /* PBXContainerItemProxy */;
			sourceTree = BUILT_PRODUCTS_DIR;
		};
		BB356BB31E0B8E940056B10F /* XprobeSwift.bundle */ = {
			isa = PBXReferenceProxy;
			fileType = wrapper.cfbundle;
			path = XprobeSwift.bundle;
			remoteRef = BB356BB21E0B8E940056B10F /* PBXContainerItemProxy */;
			sourceTree = BUILT_PRODUCTS_DIR;
		};
/* End PBXReferenceProxy section */

/* Begin PBXResourcesBuildPhase section */
		BB356A4B1E0AF2780056B10F /* Resources */ = {
			isa = PBXResourcesBuildPhase;
			buildActionMask = 2147483647;
			files = (
				9AFF48C72058230F00131955 /* CodeMirror in Resources */,
				BB4847C81E38155D00622FA4 /* DDHotKeyCenter.h in Resources */,
				BB20D57A1E1F98640013C59F /* README.md in Resources */,
				9AFF48782058209500131955 /* injectSource.pl in Resources */,
				BB5A60A61E221EA600B6C1D9 /* scan2.png in Resources */,
				BB356BDA1E0C4C2A0056B10F /* injectSource in Resources */,
				9AFF487B2058209500131955 /* listDevice.pl in Resources */,
				BB356B051E0B0BC40056B10F /* Bootstrap.bundle in Resources */,
				9AFF48822058217500131955 /* canviz-0.1 in Resources */,
				9AFF487E2058209500131955 /* projectBuilt.pl in Resources */,
				9AFF48C92058230F00131955 /* xprobe.html in Resources */,
				9AFF4888205821B500131955 /* Intro.html in Resources */,
				BB25263E1F65CC9700898347 /* LICENSE in Resources */,
				BB356B8C1E0B72890056B10F /* iOSBundleTemplate in Resources */,
				9AFF48E52058235700131955 /* RMWindowController.xib in Resources */,
				9AFF48EC2058238300131955 /* patch.py in Resources */,
				BB356B8D1E0B72890056B10F /* OSXBundleTemplate in Resources */,
				9AFF48C82058230F00131955 /* tiny_red.gif in Resources */,
				9AFF48A62058222A00131955 /* coverage.rb in Resources */,
				BB63C9DB1F7862A30048D83B /* docs in Resources */,
				9AFF4887205821B500131955 /* canviz2.html in Resources */,
				9AFF487D2058209500131955 /* patchProject.pl in Resources */,
				9AFF48EB2058238300131955 /* log.html in Resources */,
				9AFF4889205821B500131955 /* Source.html in Resources */,
				9AFF48E32058235700131955 /* RMPluginController.xib in Resources */,
				9AFF48B8205822CB00131955 /* INPluginMenuController.xib in Resources */,
				BB5A60A71E221EA600B6C1D9 /* scan.png in Resources */,
				9AFF48EA2058238300131955 /* iphone.png in Resources */,
				9AFF48ED2058238300131955 /* unpatch.py in Resources */,
				BB356A531E0AF2780056B10F /* Assets.xcassets in Resources */,
				BB356C041E0D9FC20056B10F /* Integration.xib in Resources */,
				BB356A7B1E0AF36F0056B10F /* MainMenu.xib in Resources */,
				BB5A60B41E221F5C00B6C1D9 /* DiskTree.xib in Resources */,
				9AFF48CF2058230F00131955 /* XprobePluginMenuController.xib in Resources */,
				9AFF48792058209500131955 /* injectStoryboard.pl in Resources */,
				BB5A60B31E221F5C00B6C1D9 /* DiskTree.html in Resources */,
				9AFF487A2058209500131955 /* InjectUnitTests.pm in Resources */,
				BB356A8E1E0AF4890056B10F /* App.icns in Resources */,
				BB356B131E0B0E680056B10F /* InjectionOK.tif in Resources */,
				9AFF48832058217500131955 /* canviz.html in Resources */,
				BB356B851E0B5A500056B10F /* InjectionIdle.tif in Resources */,
				9AFF487F2058209500131955 /* revertProject.pl in Resources */,
				BB356B7C1E0B4A9A0056B10F /* Credits.rtf in Resources */,
				BB356ABD1E0B03220056B10F /* injection.png in Resources */,
				9AFF48772058209500131955 /* evalCode.pl in Resources */,
				9AFF487C2058209500131955 /* openBundle.pl in Resources */,
				BB5A60A31E221EA600B6C1D9 /* closed_folder_orange.png in Resources */,
				9AFF48CD2058230F00131955 /* XprobeConsole.xib in Resources */,
				9AFF48762058209500131955 /* common.pm in Resources */,
				BB5A60A41E221EA600B6C1D9 /* open_folder_orange.png in Resources */,
				BB5A60A51E221EA600B6C1D9 /* document.png in Resources */,
			);
			runOnlyForDeploymentPostprocessing = 0;
		};
/* End PBXResourcesBuildPhase section */

/* Begin PBXShellScriptBuildPhase section */
		BB356B6D1E0B192C0056B10F /* ShellScript */ = {
			isa = PBXShellScriptBuildPhase;
			buildActionMask = 2147483647;
			files = (
			);
			inputPaths = (
			);
			outputPaths = (
			);
			runOnlyForDeploymentPostprocessing = 0;
			shellPath = "/bin/sh -x";
			shellScript = "SYMROOT=/tmp\nchmod +x \"$CODESIGNING_FOLDER_PATH/Contents/Resources\"/*.pl &&\ncd InjectionLoader && \"$DEVELOPER_BIN_DIR\"/xcodebuild SYMROOT=$SYMROOT -arch x86_64 -sdk iphonesimulator -config Debug && cd - &&\ncp -rfv $SYMROOT/*-iphonesimulator/InjectionLoader.bundle \"$CODESIGNING_FOLDER_PATH/Contents/Resources\" &&\ncd XprobeSwift && \"$DEVELOPER_BIN_DIR\"/xcodebuild SYMROOT=$SYMROOT -arch x86_64 -sdk iphonesimulator -config Debug && cd - &&\nrm -rf \"$CODESIGNING_FOLDER_PATH/Contents/Resources/InjectionLoader.bundle/XprobeSwift.loader\" &&\ncp -rfv $SYMROOT/*-iphonesimulator/XprobeSwift.bundle \"$CODESIGNING_FOLDER_PATH/Contents/Resources/InjectionLoader.bundle/XprobeSwift.loader\" &&\ncd ../XprobePlugin/XprobeBundle &&\n\"$DEVELOPER_BIN_DIR\"/xcodebuild SYMROOT=$SYMROOT -arch x86_64 -sdk macosx -config Debug &&\ncp -rfv $SYMROOT/Debug/XprobeBundle.loader \"$CODESIGNING_FOLDER_PATH/Contents/Resources\" && cd -\ncd XprobeSwift && \"$DEVELOPER_BIN_DIR\"/xcodebuild SYMROOT=$SYMROOT -arch x86_64 -sdk macosx -config Debug && cd - &&\nrm -rf \"$CODESIGNING_FOLDER_PATH/Contents/Resources/XprobeBundle.loader/XprobeSwift.loader\" &&\ncp -rfv $SYMROOT/Debug/XprobeSwift.bundle \"$CODESIGNING_FOLDER_PATH/Contents/Resources/XprobeBundle.loader/XprobeSwift.loader\"\n";
			showEnvVarsInLog = 0;
		};
		BBE9E2F51E32274A00CF0929 /* ShellScript */ = {
			isa = PBXShellScriptBuildPhase;
			buildActionMask = 2147483647;
			files = (
			);
			inputPaths = (
			);
			outputPaths = (
			);
			runOnlyForDeploymentPostprocessing = 0;
			shellPath = /bin/sh;
			shellScript = "buildNumber=$(/usr/libexec/PlistBuddy -c \"Print CFBundleVersion\" \"${PROJECT_DIR}/${INFOPLIST_FILE}\")\nbuildNumber=$(($buildNumber + 1))\nchmod +w \"${PROJECT_DIR}/${INFOPLIST_FILE}\"\n/usr/libexec/PlistBuddy -c \"Set :CFBundleVersion $buildNumber\" \"${PROJECT_DIR}/${INFOPLIST_FILE}\"\n";
			showEnvVarsInLog = 0;
		};
/* End PBXShellScriptBuildPhase section */

/* Begin PBXSourcesBuildPhase section */
		BB356A491E0AF2780056B10F /* Sources */ = {
			isa = PBXSourcesBuildPhase;
			buildActionMask = 2147483647;
			files = (
				9AFF48692058205500131955 /* HelperProxy.m in Sources */,
				9AFF48A12058222A00131955 /* LogParser.swift in Sources */,
				9AFF48CA2058230F00131955 /* Xprobe.mm in Sources */,
				9AFF48A42058222A00131955 /* AppDelegate.swift in Sources */,
				9AFF48A72058222A00131955 /* Coverage.swift in Sources */,
				9AFF48E02058235700131955 /* RMImageView.m in Sources */,
				9AFF48A22058222A00131955 /* SourceKit.swift in Sources */,
				9AFF48D02058230F00131955 /* Xtrace.mm in Sources */,
				9AFF489E2058222A00131955 /* IndexDB.swift in Sources */,
				9AFF48CB2058230F00131955 /* Xprobe+Service.mm in Sources */,
				9AFF48A92058222A00131955 /* Project.swift in Sources */,
				9AFF48AA2058222A00131955 /* Utils.m in Sources */,
				9AFF48CE2058230F00131955 /* XprobePluginMenuController.m in Sources */,
				9AFF48CC2058230F00131955 /* XprobeConsole.m in Sources */,
				9AFF48A52058222A00131955 /* Common.swift in Sources */,
				9AFF48B6205822CB00131955 /* INPluginClientController.m in Sources */,
				9AFF489F2058222A00131955 /* IndexStrings.swift in Sources */,
				9AFF48DF2058235700131955 /* RMDeviceController.m in Sources */,
				BB356BE31E0C761E0056B10F /* Integration.swift in Sources */,
				9AFF48E22058235700131955 /* RMPluginController.m in Sources */,
				9AFF489D2058222A00131955 /* Entity.swift in Sources */,
				BB248A941E210FCC003F0DF6 /* Benchmark.swift in Sources */,
				BB356B871E0B5D450056B10F /* INController.swift in Sources */,
				BB010BE61E1F3D5A00C3AACA /* RMController.swift in Sources */,
				9AFF48A82058222A00131955 /* Formatter.swift in Sources */,
				9AFF48B7205822CB00131955 /* INPluginMenuController.m in Sources */,
				9AFF48A32058222A00131955 /* AppController.swift in Sources */,
				BB4847C11E380E1000622FA4 /* DDHotKeyUtilities.m in Sources */,
				9AFF48A02058222A00131955 /* LineGenerators.swift in Sources */,
				BB4847C01E380E1000622FA4 /* DDHotKeyCenter.m in Sources */,
				9AFF489C2058222A00131955 /* ByteRegex.swift in Sources */,
				9AFF48682058205500131955 /* HelperInstaller.m in Sources */,
				9AFF48E12058235700131955 /* RMMacroManager.m in Sources */,
				9AFF48B5205822CB00131955 /* FileWatcher.m in Sources */,
				9AFF48E42058235700131955 /* RMWindowController.m in Sources */,
			);
			runOnlyForDeploymentPostprocessing = 0;
		};
		BB356AD21E0B09000056B10F /* Sources */ = {
			isa = PBXSourcesBuildPhase;
			buildActionMask = 2147483647;
			files = (
			);
			runOnlyForDeploymentPostprocessing = 0;
		};
		BB356AF81E0B0B8A0056B10F /* Sources */ = {
			isa = PBXSourcesBuildPhase;
			buildActionMask = 2147483647;
			files = (
				9AFF48FF205823E900131955 /* mach_inject.c in Sources */,
				9AFF48F0205823A200131955 /* mach_inject_bundle_stub.c in Sources */,
				9AFF4900205823E900131955 /* main.m in Sources */,
				9AFF48FE205823E900131955 /* Helper.m in Sources */,
			);
			runOnlyForDeploymentPostprocessing = 0;
		};
		BB356BCD1E0C4C0E0056B10F /* Sources */ = {
			isa = PBXSourcesBuildPhase;
			buildActionMask = 2147483647;
			files = (
				BB356BD41E0C4C0F0056B10F /* main.m in Sources */,
			);
			runOnlyForDeploymentPostprocessing = 0;
		};
		BB5A60B51E22211900B6C1D9 /* Sources */ = {
			isa = PBXSourcesBuildPhase;
			buildActionMask = 2147483647;
			files = (
				BB5A60C81E22220B00B6C1D9 /* tree.c in Sources */,
			);
			runOnlyForDeploymentPostprocessing = 0;
		};
/* End PBXSourcesBuildPhase section */

/* Begin PBXTargetDependency section */
		BB356AEB1E0B09F60056B10F /* PBXTargetDependency */ = {
			isa = PBXTargetDependency;
			target = BB356AD51E0B09000056B10F /* com.johnholdsworth.Injectorator.Helper */;
			targetProxy = BB356AEA1E0B09F60056B10F /* PBXContainerItemProxy */;
		};
		BB356B071E0B0BCE0056B10F /* PBXTargetDependency */ = {
			isa = PBXTargetDependency;
			target = BB356AFB1E0B0B8A0056B10F /* InjectionBootstrap */;
			targetProxy = BB356B061E0B0BCE0056B10F /* PBXContainerItemProxy */;
		};
		BB356BD91E0C4C1B0056B10F /* PBXTargetDependency */ = {
			isa = PBXTargetDependency;
			target = BB356BD01E0C4C0E0056B10F /* injectSource */;
			targetProxy = BB356BD81E0C4C1B0056B10F /* PBXContainerItemProxy */;
		};
/* End PBXTargetDependency section */

/* Begin PBXVariantGroup section */
		BB356A791E0AF36E0056B10F /* MainMenu.xib */ = {
			isa = PBXVariantGroup;
			children = (
				BB356A7A1E0AF36F0056B10F /* Base */,
			);
			name = MainMenu.xib;
			sourceTree = "<group>";
		};
/* End PBXVariantGroup section */

/* Begin XCBuildConfiguration section */
		BB356A581E0AF2780056B10F /* Debug */ = {
			isa = XCBuildConfiguration;
			buildSettings = {
				ALWAYS_SEARCH_USER_PATHS = NO;
				CLANG_ANALYZER_NONNULL = YES;
				CLANG_CXX_LANGUAGE_STANDARD = "gnu++0x";
				CLANG_CXX_LIBRARY = "libc++";
				CLANG_ENABLE_MODULES = YES;
				CLANG_ENABLE_OBJC_ARC = YES;
				CLANG_WARN_BOOL_CONVERSION = YES;
				CLANG_WARN_CONSTANT_CONVERSION = YES;
				CLANG_WARN_DIRECT_OBJC_ISA_USAGE = YES_ERROR;
				CLANG_WARN_DOCUMENTATION_COMMENTS = YES;
				CLANG_WARN_EMPTY_BODY = YES;
				CLANG_WARN_ENUM_CONVERSION = YES;
				CLANG_WARN_INFINITE_RECURSION = YES;
				CLANG_WARN_INT_CONVERSION = YES;
				CLANG_WARN_OBJC_ROOT_CLASS = YES_ERROR;
				CLANG_WARN_SUSPICIOUS_MOVE = YES;
				CLANG_WARN_UNREACHABLE_CODE = YES;
				CLANG_WARN__DUPLICATE_METHOD_MATCH = YES;
				CODE_SIGN_IDENTITY = "-";
				COPY_PHASE_STRIP = NO;
				DEBUG_INFORMATION_FORMAT = dwarf;
				ENABLE_STRICT_OBJC_MSGSEND = YES;
				ENABLE_TESTABILITY = YES;
				GCC_C_LANGUAGE_STANDARD = gnu99;
				GCC_DYNAMIC_NO_PIC = NO;
				GCC_NO_COMMON_BLOCKS = YES;
				GCC_OPTIMIZATION_LEVEL = 0;
				GCC_PREPROCESSOR_DEFINITIONS = (
					"DEBUG=1",
					"INJECTION_PORT=$INJECTION_PORT",
					"XPROBE_PORT=$XPROBE_PORT",
					"REMOTE_PORT=$REMOTE_PORT",
					"HELPER_MACH_ID=\\\"$HELPER_MACH_ID\\\"",
					"INJECTION_ADDR=INADDR_LOOPBACK",
				);
				GCC_WARN_64_TO_32_BIT_CONVERSION = YES;
				GCC_WARN_ABOUT_RETURN_TYPE = YES_ERROR;
				GCC_WARN_UNDECLARED_SELECTOR = YES;
				GCC_WARN_UNINITIALIZED_AUTOS = YES_AGGRESSIVE;
				GCC_WARN_UNUSED_FUNCTION = YES;
				GCC_WARN_UNUSED_VARIABLE = YES;
				HEADER_SEARCH_PATHS = Injectorator;
				HELPER_MACH_ID = com.johnholdsworth.Injectorator.Helper.mach;
				INJECTION_PORT = 31452;
				MACOSX_DEPLOYMENT_TARGET = 10.11;
				MTL_ENABLE_DEBUG_INFO = YES;
				ONLY_ACTIVE_ARCH = YES;
				REMOTE_PORT = 31459;
				SDKROOT = macosx;
				SWIFT_ACTIVE_COMPILATION_CONDITIONS = DEBUG;
				SWIFT_OPTIMIZATION_LEVEL = "-Onone";
				XPROBE_PORT = 31458;
			};
			name = Debug;
		};
		BB356A591E0AF2780056B10F /* Release */ = {
			isa = XCBuildConfiguration;
			buildSettings = {
				ALWAYS_SEARCH_USER_PATHS = NO;
				CLANG_ANALYZER_NONNULL = YES;
				CLANG_CXX_LANGUAGE_STANDARD = "gnu++0x";
				CLANG_CXX_LIBRARY = "libc++";
				CLANG_ENABLE_MODULES = YES;
				CLANG_ENABLE_OBJC_ARC = YES;
				CLANG_WARN_BOOL_CONVERSION = YES;
				CLANG_WARN_CONSTANT_CONVERSION = YES;
				CLANG_WARN_DIRECT_OBJC_ISA_USAGE = YES_ERROR;
				CLANG_WARN_DOCUMENTATION_COMMENTS = YES;
				CLANG_WARN_EMPTY_BODY = YES;
				CLANG_WARN_ENUM_CONVERSION = YES;
				CLANG_WARN_INFINITE_RECURSION = YES;
				CLANG_WARN_INT_CONVERSION = YES;
				CLANG_WARN_OBJC_ROOT_CLASS = YES_ERROR;
				CLANG_WARN_SUSPICIOUS_MOVE = YES;
				CLANG_WARN_UNREACHABLE_CODE = YES;
				CLANG_WARN__DUPLICATE_METHOD_MATCH = YES;
				CODE_SIGN_IDENTITY = "-";
				COPY_PHASE_STRIP = NO;
				DEBUG_INFORMATION_FORMAT = "dwarf-with-dsym";
				ENABLE_NS_ASSERTIONS = NO;
				ENABLE_STRICT_OBJC_MSGSEND = YES;
				GCC_C_LANGUAGE_STANDARD = gnu99;
				GCC_NO_COMMON_BLOCKS = YES;
				GCC_PREPROCESSOR_DEFINITIONS = (
					"DEBUG=1",
					"INJECTION_PORT=$INJECTION_PORT",
					"XPROBE_PORT=$XPROBE_PORT",
					"REMOTE_PORT=$REMOTE_PORT",
					"HELPER_MACH_ID=\\\"$HELPER_MACH_ID\\\"",
					"INJECTION_ADDR=INADDR_LOOPBACK",
				);
				GCC_WARN_64_TO_32_BIT_CONVERSION = YES;
				GCC_WARN_ABOUT_RETURN_TYPE = YES_ERROR;
				GCC_WARN_UNDECLARED_SELECTOR = YES;
				GCC_WARN_UNINITIALIZED_AUTOS = YES_AGGRESSIVE;
				GCC_WARN_UNUSED_FUNCTION = YES;
				GCC_WARN_UNUSED_VARIABLE = YES;
				HEADER_SEARCH_PATHS = Injectorator;
				HELPER_MACH_ID = com.johnholdsworth.Injectorator.Helper.mach;
				INJECTION_PORT = 31452;
				MACOSX_DEPLOYMENT_TARGET = 10.11;
				MTL_ENABLE_DEBUG_INFO = NO;
				REMOTE_PORT = 31459;
				SDKROOT = macosx;
				SWIFT_OPTIMIZATION_LEVEL = "-Owholemodule";
				XPROBE_PORT = 31458;
			};
			name = Release;
		};
		BB356A5B1E0AF2780056B10F /* Debug */ = {
			isa = XCBuildConfiguration;
			buildSettings = {
				ASSETCATALOG_COMPILER_APPICON_NAME = AppIcon;
				CLANG_ENABLE_MODULES = YES;
				CODE_SIGN_IDENTITY = "Mac Developer";
				COMBINE_HIDPI_IMAGES = YES;
				DEVELOPMENT_TEAM = TY8LRYL2L5;
				INFOPLIST_FILE = Injectorator/Info.plist;
				LD_RUNPATH_SEARCH_PATHS = "$(inherited) @executable_path/../Frameworks";
				OTHER_SWIFT_FLAGS = "";
				PRODUCT_BUNDLE_IDENTIFIER = com.johnholdsworth.Injectorator;
				PRODUCT_NAME = "$(TARGET_NAME)";
				SWIFT_OBJC_BRIDGING_HEADER = "Injectorator/Injectorator-Bridging-Header.h";
				SWIFT_OPTIMIZATION_LEVEL = "-Onone";
				SWIFT_VERSION = 3.0;
			};
			name = Debug;
		};
		BB356A5C1E0AF2780056B10F /* Release */ = {
			isa = XCBuildConfiguration;
			buildSettings = {
				ASSETCATALOG_COMPILER_APPICON_NAME = AppIcon;
				CLANG_ENABLE_MODULES = YES;
				CODE_SIGN_IDENTITY = "Mac Developer";
				COMBINE_HIDPI_IMAGES = YES;
				DEVELOPMENT_TEAM = TY8LRYL2L5;
				INFOPLIST_FILE = Injectorator/Info.plist;
				LD_RUNPATH_SEARCH_PATHS = "$(inherited) @executable_path/../Frameworks";
				OTHER_SWIFT_FLAGS = "";
				PRODUCT_BUNDLE_IDENTIFIER = com.johnholdsworth.Injectorator;
				PRODUCT_NAME = "$(TARGET_NAME)";
				SWIFT_OBJC_BRIDGING_HEADER = "Injectorator/Injectorator-Bridging-Header.h";
				SWIFT_VERSION = 3.0;
			};
			name = Release;
		};
		BB356ADB1E0B09000056B10F /* Debug */ = {
			isa = XCBuildConfiguration;
			buildSettings = {
				CLANG_ENABLE_MODULES = YES;
				CODE_SIGN_IDENTITY = "Mac Developer";
				DEVELOPMENT_TEAM = TY8LRYL2L5;
				INFOPLIST_FILE = InjectionHelper/Info.plist;
				INFOPLIST_PREPROCESS = YES;
				LD_RUNPATH_SEARCH_PATHS = "$(inherited) @executable_path/../Frameworks @loader_path/../Frameworks";
				OTHER_LDFLAGS = (
					"-sectcreate",
					__TEXT,
					__info_plist,
					InjectionHelper/Info.plist,
					"-sectcreate",
					__TEXT,
					__launchd_plist,
					"InjectionHelper/Info-Launchd.plist",
				);
				PRODUCT_NAME = "$(TARGET_NAME)";
				SWIFT_OPTIMIZATION_LEVEL = "-Onone";
				SWIFT_VERSION = 3.0;
			};
			name = Debug;
		};
		BB356ADC1E0B09000056B10F /* Release */ = {
			isa = XCBuildConfiguration;
			buildSettings = {
				CLANG_ENABLE_MODULES = YES;
				CODE_SIGN_IDENTITY = "Mac Developer";
				DEVELOPMENT_TEAM = TY8LRYL2L5;
				INFOPLIST_FILE = InjectionHelper/Info.plist;
				INFOPLIST_PREPROCESS = YES;
				LD_RUNPATH_SEARCH_PATHS = "$(inherited) @executable_path/../Frameworks @loader_path/../Frameworks";
				OTHER_LDFLAGS = (
					"-sectcreate",
					__TEXT,
					__info_plist,
					InjectionHelper/Info.plist,
					"-sectcreate",
					__TEXT,
					__launchd_plist,
					"InjectionHelper/Info-Launchd.plist",
				);
				PRODUCT_NAME = "$(TARGET_NAME)";
				SWIFT_VERSION = 3.0;
			};
			name = Release;
		};
		BB356B001E0B0B8A0056B10F /* Debug */ = {
			isa = XCBuildConfiguration;
			buildSettings = {
				CODE_SIGN_IDENTITY = "Mac Developer";
				COMBINE_HIDPI_IMAGES = YES;
				DEVELOPMENT_TEAM = TY8LRYL2L5;
				INFOPLIST_FILE = InjectionBootstrap/Info.plist;
				INSTALL_PATH = "$(LOCAL_LIBRARY_DIR)/Bundles";
				PRODUCT_BUNDLE_IDENTIFIER = com.johnholdsworth.InjectionBootstrap;
				PRODUCT_NAME = Bootstrap;
				SKIP_INSTALL = YES;
				WRAPPER_EXTENSION = bundle;
			};
			name = Debug;
		};
		BB356B011E0B0B8A0056B10F /* Release */ = {
			isa = XCBuildConfiguration;
			buildSettings = {
				CODE_SIGN_IDENTITY = "Mac Developer";
				COMBINE_HIDPI_IMAGES = YES;
				DEVELOPMENT_TEAM = TY8LRYL2L5;
				INFOPLIST_FILE = InjectionBootstrap/Info.plist;
				INSTALL_PATH = "$(LOCAL_LIBRARY_DIR)/Bundles";
				PRODUCT_BUNDLE_IDENTIFIER = com.johnholdsworth.InjectionBootstrap;
				PRODUCT_NAME = Bootstrap;
				SKIP_INSTALL = YES;
				WRAPPER_EXTENSION = bundle;
			};
			name = Release;
		};
		BB356BD51E0C4C0F0056B10F /* Debug */ = {
			isa = XCBuildConfiguration;
			buildSettings = {
				CODE_SIGN_IDENTITY = "Mac Developer";
				DEVELOPMENT_TEAM = TY8LRYL2L5;
				GCC_PREPROCESSOR_DEFINITIONS = (
					"DEBUG=1",
					"$(inherited)",
				);
				PRODUCT_NAME = "$(TARGET_NAME)";
			};
			name = Debug;
		};
		BB356BD61E0C4C0F0056B10F /* Release */ = {
			isa = XCBuildConfiguration;
			buildSettings = {
				CODE_SIGN_IDENTITY = "Mac Developer";
				DEVELOPMENT_TEAM = TY8LRYL2L5;
				PRODUCT_NAME = "$(TARGET_NAME)";
			};
			name = Release;
		};
		BB5A60BE1E22211900B6C1D9 /* Debug */ = {
			isa = XCBuildConfiguration;
			buildSettings = {
				CODE_SIGN_IDENTITY = "Mac Developer";
				DEVELOPMENT_TEAM = TY8LRYL2L5;
				GCC_PREPROCESSOR_DEFINITIONS = (
					"DEBUG=1",
					"$(inherited)",
				);
				PRODUCT_NAME = "$(TARGET_NAME)";
			};
			name = Debug;
		};
		BB5A60BF1E22211900B6C1D9 /* Release */ = {
			isa = XCBuildConfiguration;
			buildSettings = {
				CODE_SIGN_IDENTITY = "Mac Developer";
				DEVELOPMENT_TEAM = TY8LRYL2L5;
				PRODUCT_NAME = "$(TARGET_NAME)";
			};
			name = Release;
		};
/* End XCBuildConfiguration section */

/* Begin XCConfigurationList section */
		BB356A481E0AF2780056B10F /* Build configuration list for PBXProject "Injectorator" */ = {
			isa = XCConfigurationList;
			buildConfigurations = (
				BB356A581E0AF2780056B10F /* Debug */,
				BB356A591E0AF2780056B10F /* Release */,
			);
			defaultConfigurationIsVisible = 0;
			defaultConfigurationName = Release;
		};
		BB356A5A1E0AF2780056B10F /* Build configuration list for PBXNativeTarget "Injection" */ = {
			isa = XCConfigurationList;
			buildConfigurations = (
				BB356A5B1E0AF2780056B10F /* Debug */,
				BB356A5C1E0AF2780056B10F /* Release */,
			);
			defaultConfigurationIsVisible = 0;
			defaultConfigurationName = Release;
		};
		BB356ADA1E0B09000056B10F /* Build configuration list for PBXNativeTarget "com.johnholdsworth.Injectorator.Helper" */ = {
			isa = XCConfigurationList;
			buildConfigurations = (
				BB356ADB1E0B09000056B10F /* Debug */,
				BB356ADC1E0B09000056B10F /* Release */,
			);
			defaultConfigurationIsVisible = 0;
			defaultConfigurationName = Release;
		};
		BB356AFF1E0B0B8A0056B10F /* Build configuration list for PBXNativeTarget "InjectionBootstrap" */ = {
			isa = XCConfigurationList;
			buildConfigurations = (
				BB356B001E0B0B8A0056B10F /* Debug */,
				BB356B011E0B0B8A0056B10F /* Release */,
			);
			defaultConfigurationIsVisible = 0;
			defaultConfigurationName = Release;
		};
		BB356BD71E0C4C130056B10F /* Build configuration list for PBXNativeTarget "injectSource" */ = {
			isa = XCConfigurationList;
			buildConfigurations = (
				BB356BD51E0C4C0F0056B10F /* Debug */,
				BB356BD61E0C4C0F0056B10F /* Release */,
			);
			defaultConfigurationIsVisible = 0;
			defaultConfigurationName = Release;
		};
		BB5A60BD1E22211900B6C1D9 /* Build configuration list for PBXNativeTarget "tree" */ = {
			isa = XCConfigurationList;
			buildConfigurations = (
				BB5A60BE1E22211900B6C1D9 /* Debug */,
				BB5A60BF1E22211900B6C1D9 /* Release */,
			);
			defaultConfigurationIsVisible = 0;
			defaultConfigurationName = Release;
		};
/* End XCConfigurationList section */
	};
	rootObject = BB356A451E0AF2780056B10F /* Project object */;
}
